
Microsoft Visual Studio Solution File, Format Version 12.00
# Visual Studio Version 17
VisualStudioVersion = 17.1.32228.430
MinimumVisualStudioVersion = 10.0.40219.1
Project("{9A19103F-16F7-4668-BE54-9A1E7A4F7556}") = "Education", "Projects\Education\Education.csproj", "{852D931A-246C-4406-9432-974BBE28BE20}"
EndProject
Project("{2150E333-8FDC-42A3-9474-1A3956D46DE8}") = "Architectures", "Architectures", "{CDAB7265-4FD9-45DF-BF0A-92B75925F4A3}"
EndProject
Project("{2150E333-8FDC-42A3-9474-1A3956D46DE8}") = "N-Tier", "N-Tier", "{5CBF09C7-1A70-4E85-81A7-FD41EE5D1730}"
EndProject
Project("{2150E333-8FDC-42A3-9474-1A3956D46DE8}") = "Service-Oriented", "Service-Oriented", "{38E08807-7B4E-4FE8-B7C6-94C3B141C097}"
EndProject
Project("{2150E333-8FDC-42A3-9474-1A3956D46DE8}") = "Layered", "Layered", "{7E4AD127-D305-432E-B5F8-93E203A7AE31}"
EndProject
Project("{2150E333-8FDC-42A3-9474-1A3956D46DE8}") = "CQRS", "CQRS", "{C70FEA3E-C589-4F13-93A2-CF31526D0233}"
EndProject
Project("{2150E333-8FDC-42A3-9474-1A3956D46DE8}") = "Event-sourcing", "Event-sourcing", "{71E45AE7-2C67-4BF9-BB2F-B383E17CE477}"
	ProjectSection(SolutionItems) = preProject
		Projects\Architectures\_OLD_\EventSourcing\README.cs = Projects\Architectures\_OLD_\EventSourcing\README.cs
	EndProjectSection
EndProject
Project("{2150E333-8FDC-42A3-9474-1A3956D46DE8}") = "README", "README", "{D6A9D2BF-E7D7-48C7-9A54-96DF1DA52523}"
	ProjectSection(SolutionItems) = preProject
		README\ApiTypes.cs = README\ApiTypes.cs
		README\Architectures.cs = README\Architectures.cs
		README\Auth.cs = README\Auth.cs
		README\CICD.cs = README\CICD.cs
		README\Docker.cs = README\Docker.cs
		README\GraphQL тело запросов в Postman.cs = README\GraphQL тело запросов в Postman.cs
		README\Kafka.cs = README\Kafka.cs
		README\MongoDB.cs = README\MongoDB.cs
		README\RESTClient.http = README\RESTClient.http
		README\SQL.cs = README\SQL.cs
		README\Тестирование.cs = README\Тестирование.cs
	EndProjectSection
EndProject
Project("{2150E333-8FDC-42A3-9474-1A3956D46DE8}") = "Authentication authorization", "Authentication authorization", "{2697FB2E-D3A1-4034-84C9-F5CAB163142D}"
EndProject
Project("{9A19103F-16F7-4668-BE54-9A1E7A4F7556}") = "JWTToken", "Projects\AuthenticationAuthorization\JWTToken\JWTToken.csproj", "{BBB4C258-1D98-4725-BAE0-9B9E782120E9}"
EndProject
Project("{9A19103F-16F7-4668-BE54-9A1E7A4F7556}") = "ApiAuthentication", "Projects\AuthenticationAuthorization\ApiAuthentication\ApiAuthentication.csproj", "{F66A9422-C6FF-4CE6-B54C-262152F66FAA}"
EndProject
Project("{2150E333-8FDC-42A3-9474-1A3956D46DE8}") = "OTHER", "OTHER", "{C419CC8C-DAAA-4A91-852B-BACD61432294}"
	ProjectSection(SolutionItems) = preProject
		README\OTHER\Blender.cs = README\OTHER\Blender.cs
		README\OTHER\Git.cs = README\OTHER\Git.cs
		README\OTHER\Steam.cs = README\OTHER\Steam.cs
	EndProjectSection
EndProject
Project("{2150E333-8FDC-42A3-9474-1A3956D46DE8}") = "Enum", "Enum", "{7C1507E5-E17D-4225-B9E5-4D63BC33DC61}"
	ProjectSection(SolutionItems) = preProject
		Projects\Architectures\_OLD_\EventSourcing\Emum\OrderStatus.cs = Projects\Architectures\_OLD_\EventSourcing\Emum\OrderStatus.cs
	EndProjectSection
EndProject
Project("{2150E333-8FDC-42A3-9474-1A3956D46DE8}") = "Events", "Events", "{39A58E64-EF6F-45AF-9834-74410F74DD17}"
	ProjectSection(SolutionItems) = preProject
		Projects\Architectures\_OLD_\EventSourcing\Events\OrderCancelledEvent.cs = Projects\Architectures\_OLD_\EventSourcing\Events\OrderCancelledEvent.cs
		Projects\Architectures\_OLD_\EventSourcing\Events\OrderCreatedEvent.cs = Projects\Architectures\_OLD_\EventSourcing\Events\OrderCreatedEvent.cs
	EndProjectSection
EndProject
Project("{2150E333-8FDC-42A3-9474-1A3956D46DE8}") = "EventModel", "EventModel", "{9F751525-114B-43E5-83EC-58CCB9DF5DE7}"
	ProjectSection(SolutionItems) = preProject
		Projects\Architectures\_OLD_\EventSourcing\EventModel\Order.cs = Projects\Architectures\_OLD_\EventSourcing\EventModel\Order.cs
	EndProjectSection
EndProject
Project("{2150E333-8FDC-42A3-9474-1A3956D46DE8}") = "EventStore", "EventStore", "{91947B61-D1FE-4FF9-AF86-EEE32379334F}"
	ProjectSection(SolutionItems) = preProject
		Projects\Architectures\_OLD_\EventSourcing\EventStore\IEventStore.cs = Projects\Architectures\_OLD_\EventSourcing\EventStore\IEventStore.cs
		Projects\Architectures\_OLD_\EventSourcing\EventStore\InMemoryEventStore.cs = Projects\Architectures\_OLD_\EventSourcing\EventStore\InMemoryEventStore.cs
	EndProjectSection
EndProject
Project("{2150E333-8FDC-42A3-9474-1A3956D46DE8}") = "Services", "Services", "{BB6B729D-6888-4111-A1AF-FB50FB5182D2}"
	ProjectSection(SolutionItems) = preProject
		Projects\Architectures\_OLD_\EventSourcing\Services\Order.cs = Projects\Architectures\_OLD_\EventSourcing\Services\Order.cs
		Projects\Architectures\_OLD_\EventSourcing\Services\OrderQueryService.cs = Projects\Architectures\_OLD_\EventSourcing\Services\OrderQueryService.cs
		Projects\Architectures\_OLD_\EventSourcing\Services\OrderService.cs = Projects\Architectures\_OLD_\EventSourcing\Services\OrderService.cs
	EndProjectSection
EndProject
Project("{2150E333-8FDC-42A3-9474-1A3956D46DE8}") = "API Gateway", "API Gateway", "{136F7167-68F8-4DA3-AFA1-7515FA36F392}"
	ProjectSection(SolutionItems) = preProject
		Projects\API Gateway\README.txt = Projects\API Gateway\README.txt
	EndProjectSection
EndProject
Project("{9A19103F-16F7-4668-BE54-9A1E7A4F7556}") = "Ocelot.Gateway", "Projects\API Gateway\Ocelot.Gateway\Ocelot.Gateway.csproj", "{BF0711F1-461F-4D94-8D08-E4C0BD4AA554}"
EndProject
Project("{9A19103F-16F7-4668-BE54-9A1E7A4F7556}") = "Yarp.Gateway", "Projects\API Gateway\Yarp.Gateway\Yarp.Gateway.csproj", "{F957DDCD-95CA-43FC-9886-17883D1EB329}"
EndProject
Project("{2150E333-8FDC-42A3-9474-1A3956D46DE8}") = "FeatureFlag", "FeatureFlag", "{02EA681E-C7D8-13C7-8484-4AC65E1B71E8}"
EndProject
Project("{9A19103F-16F7-4668-BE54-9A1E7A4F7556}") = "FeatureFlag", "Projects\FeatureFlag\FeatureFlag\FeatureFlag.csproj", "{B717D223-C8BE-45AA-810E-A4F503932281}"
EndProject
Project("{2150E333-8FDC-42A3-9474-1A3956D46DE8}") = "Keycloak", "Keycloak", "{3CFC58EB-1856-4113-A1EE-CADB67A2EEB6}"
EndProject
Project("{E53339B2-1760-4266-BCC7-CA923CBCF16C}") = "docker-compose", "docker-compose.dcproj", "{DDA3CB77-84A9-4C96-BF13-42A25821ACAC}"
EndProject
Project("{FAE04EC0-301F-11D3-BF4B-00C04F79EFBC}") = "KeycloakWebAPI", "Projects\AuthenticationAuthorization\Keycloak\KeycloakWebAPI\KeycloakWebAPI.csproj", "{6C969380-C3E8-468B-A925-7A68404E3B84}"
EndProject
Project("{FAE04EC0-301F-11D3-BF4B-00C04F79EFBC}") = "KeycloakWebApp", "Projects\AuthenticationAuthorization\Keycloak\KeycloakWebApp\KeycloakWebApp.csproj", "{C409197F-7B89-4D44-98CB-067B8D4AC19B}"
EndProject
Project("{FAE04EC0-301F-11D3-BF4B-00C04F79EFBC}") = "ConsoleApp", "Projects\ConsoleApp\ConsoleApp.csproj", "{B55F6EB5-4E55-4BA1-B085-5A0C92518791}"
EndProject
Project("{2150E333-8FDC-42A3-9474-1A3956D46DE8}") = "DDD", "DDD", "{18C32C68-39E6-4FEE-8649-0AD703C967DD}"
EndProject
Project("{FAE04EC0-301F-11D3-BF4B-00C04F79EFBC}") = "DDD.Presentation", "Projects\Architectures\DDD\Presentation\DDD.Presentation.csproj", "{A36151C0-F2BB-493A-A3F5-52A21EC24206}"
EndProject
Project("{FAE04EC0-301F-11D3-BF4B-00C04F79EFBC}") = "DDD.Domain", "Projects\Architectures\DDD\Domain\DDD.Domain.csproj", "{C2877813-1B58-4661-98B8-3EB284B09646}"
EndProject
Project("{FAE04EC0-301F-11D3-BF4B-00C04F79EFBC}") = "DDD.Application", "Projects\Architectures\DDD\Application\DDD.Application.csproj", "{D6F9E5AD-D77C-4E0C-BF62-FE91C0CF190D}"
EndProject
Project("{FAE04EC0-301F-11D3-BF4B-00C04F79EFBC}") = "DDD.Infrastructure", "Projects\Architectures\DDD\Infrastructure\DDD.Infrastructure.csproj", "{749861C1-DB9E-4947-A9CE-22C09A1E2095}"
EndProject
Project("{FAE04EC0-301F-11D3-BF4B-00C04F79EFBC}") = "DDD.Tests", "Projects\Architectures\DDD\Tests\DDD.Tests.csproj", "{45DE826A-7A9C-4702-BAEE-A39A6C2C777C}"
EndProject
Project("{2150E333-8FDC-42A3-9474-1A3956D46DE8}") = "RabbitMQ", "RabbitMQ", "{71E2D3F4-0631-4445-8535-B6DFC699031A}"
	ProjectSection(SolutionItems) = preProject
		Projects\MessageBrokers\RabbitMQ\README.txt = Projects\MessageBrokers\RabbitMQ\README.txt
	EndProjectSection
EndProject
Project("{2150E333-8FDC-42A3-9474-1A3956D46DE8}") = "gRPC", "gRPC", "{E223DDEE-75E5-4F99-83E8-5D793D99AAE0}"
	ProjectSection(SolutionItems) = preProject
		Projects\Communication\gRPC\README.txt = Projects\Communication\gRPC\README.txt
	EndProjectSection
EndProject
Project("{2150E333-8FDC-42A3-9474-1A3956D46DE8}") = "Timer", "Timer", "{50BA77A4-4073-48DA-B035-964A73484E1E}"
	ProjectSection(SolutionItems) = preProject
		Projects\Timer\README.txt = Projects\Timer\README.txt
	EndProjectSection
EndProject
Project("{FAE04EC0-301F-11D3-BF4B-00C04F79EFBC}") = "Timer.Presentation", "Projects\Timer\Timer.Presentation\Timer.Presentation.csproj", "{930D9AA3-DFAE-40AA-8302-4EECA8176D6E}"
EndProject
Project("{FAE04EC0-301F-11D3-BF4B-00C04F79EFBC}") = "Timer.Application", "Projects\Timer\Timer.Application\Timer.Application.csproj", "{CCBA9E7B-F933-4652-B4FB-374972328149}"
EndProject
Project("{FAE04EC0-301F-11D3-BF4B-00C04F79EFBC}") = "Timer.Domain", "Projects\Timer\Timer.Domain\Timer.Domain.csproj", "{59F9B2ED-0FAE-4A71-9B21-D96AC8F83843}"
EndProject
Project("{FAE04EC0-301F-11D3-BF4B-00C04F79EFBC}") = "Timer.Infrastructure", "Projects\Timer\Timer.Infrastructure\Timer.Infrastructure.csproj", "{04D7DC94-8B43-483A-807A-98D31973F303}"
EndProject
Project("{FAE04EC0-301F-11D3-BF4B-00C04F79EFBC}") = "Timer.Tests", "Projects\Timer\Timer.Tests\Timer.Tests.csproj", "{AE3ECCA7-B870-43ED-A3C4-2393FA60202D}"
EndProject
Project("{FAE04EC0-301F-11D3-BF4B-00C04F79EFBC}") = "Timer.Presentation.Blazor", "Projects\Timer\Timer.Presentation.Blazor\Timer.Presentation.Blazor.csproj", "{FAE27F8D-994B-4FC8-80DE-D007FDBCC4B4}"
EndProject
Project("{2150E333-8FDC-42A3-9474-1A3956D46DE8}") = "Secrets", "Secrets", "{D1FD3035-9FBE-43DE-A610-C4EF3B890700}"
EndProject
Project("{FAE04EC0-301F-11D3-BF4B-00C04F79EFBC}") = "Vault_", "Projects\Secrets\Vault_\Vault_.csproj", "{4B1991EB-F37F-4D78-886A-CEB25C7BCC7B}"
EndProject
Project("{2150E333-8FDC-42A3-9474-1A3956D46DE8}") = "MessageBrokers", "MessageBrokers", "{E68971F2-074C-4374-BDED-8056550162CB}"
	ProjectSection(SolutionItems) = preProject
		Projects\MessageBrokers\README.txt = Projects\MessageBrokers\README.txt
	EndProjectSection
EndProject
Project("{2150E333-8FDC-42A3-9474-1A3956D46DE8}") = "Kafka", "Kafka", "{812A568E-59FD-4CCC-87AF-926183C8ADF4}"
EndProject
Project("{2150E333-8FDC-42A3-9474-1A3956D46DE8}") = "HealthChecks", "HealthChecks", "{A2B0DD06-2A43-4E2E-B276-F301F102F818}"
EndProject
Project("{FAE04EC0-301F-11D3-BF4B-00C04F79EFBC}") = "HealthChecks_", "Projects\HealthChecks\HealthChecks_\HealthChecks_.csproj", "{C98B77C4-682D-411F-95F4-BD97629F30A4}"
EndProject
Project("{FAE04EC0-301F-11D3-BF4B-00C04F79EFBC}") = "Kafka.Producer", "Projects\MessageBrokers\Kafka\Kafka.Producer\Kafka.Producer.csproj", "{ACC184BA-DD91-43CA-9BC8-45FC2D093DA1}"
EndProject
Project("{2150E333-8FDC-42A3-9474-1A3956D46DE8}") = "Dashboards", "Dashboards", "{960A4096-3254-40E8-8571-C5C5CADB27D7}"
EndProject
Project("{2150E333-8FDC-42A3-9474-1A3956D46DE8}") = "PrometeusGrafana", "PrometeusGrafana", "{4165FDA8-4BB2-4838-B6B0-E4C56C45F50E}"
	ProjectSection(SolutionItems) = preProject
		Projects\Dashboards\PrometeusGrafana\README.txt = Projects\Dashboards\PrometeusGrafana\README.txt
	EndProjectSection
EndProject
Project("{FAE04EC0-301F-11D3-BF4B-00C04F79EFBC}") = "PrometeusGrafana_", "Projects\Dashboards\PrometeusGrafana\PrometeusGrafana_\PrometeusGrafana_.csproj", "{124DADC4-DBA1-49DB-95C5-8B202E7ABCFB}"
EndProject
Project("{2150E333-8FDC-42A3-9474-1A3956D46DE8}") = "_OLD_", "_OLD_", "{2F35E805-1FD4-4A6F-B63A-61AC8B4EFC55}"
EndProject
Project("{2150E333-8FDC-42A3-9474-1A3956D46DE8}") = "Communication", "Communication", "{D69DDF54-6889-4664-BA2C-EE6718AA9095}"
EndProject
Project("{2150E333-8FDC-42A3-9474-1A3956D46DE8}") = "REST", "REST", "{6BC63024-6F77-464C-95B0-55450F544581}"
EndProject
Project("{2150E333-8FDC-42A3-9474-1A3956D46DE8}") = "VerticalSlice", "VerticalSlice", "{CF47479C-E194-4E76-9C87-9A6D55C6CCED}"
EndProject
Project("{2150E333-8FDC-42A3-9474-1A3956D46DE8}") = "OtherLanguages", "OtherLanguages", "{C3A559A3-78B3-4633-BA3C-A91AED7ECA56}"
	ProjectSection(SolutionItems) = preProject
		README\OtherLanguages\cpp.cpp = README\OtherLanguages\cpp.cpp
		README\OtherLanguages\JavaScript.js = README\OtherLanguages\JavaScript.js
		README\OtherLanguages\TypeScript.ts = README\OtherLanguages\TypeScript.ts
		README\OtherLanguages\uecpp.cpp = README\OtherLanguages\uecpp.cpp
	EndProjectSection
EndProject
Project("{FAE04EC0-301F-11D3-BF4B-00C04F79EFBC}") = "Application", "Projects\Architectures\_OLD_\CQRS\Application\Application.csproj", "{D0767609-E73D-8539-DE80-E608473A9ECE}"
EndProject
Project("{FAE04EC0-301F-11D3-BF4B-00C04F79EFBC}") = "Domain", "Projects\Architectures\_OLD_\CQRS\Domain\Domain.csproj", "{30D38E65-1550-3E80-F38F-2DAE0AE45AAB}"
EndProject
Project("{FAE04EC0-301F-11D3-BF4B-00C04F79EFBC}") = "Infrastructure", "Projects\Architectures\_OLD_\CQRS\Infrastructure\Infrastructure.csproj", "{4A6723A2-F5A1-31FB-4CED-1E403F49A6B6}"
EndProject
Project("{FAE04EC0-301F-11D3-BF4B-00C04F79EFBC}") = "Presentation", "Projects\Architectures\_OLD_\CQRS\Presentation\Presentation.csproj", "{3FFD74E5-0D12-323F-690B-F980332569DB}"
EndProject
Project("{FAE04EC0-301F-11D3-BF4B-00C04F79EFBC}") = "WebApi", "Projects\Architectures\_OLD_\CQRS\WebApi\WebApi.csproj", "{F8DFF2D4-63C3-954C-FFD5-6F7B431C04E0}"
EndProject
Project("{FAE04EC0-301F-11D3-BF4B-00C04F79EFBC}") = "NTier.DataAccess", "Projects\Architectures\_OLD_\NTier\NTier.DataAccess\NTier.DataAccess.csproj", "{AC5F4623-DC47-92B4-6CDE-86DFB20F33D0}"
EndProject
Project("{FAE04EC0-301F-11D3-BF4B-00C04F79EFBC}") = "NTier.Logic", "Projects\Architectures\_OLD_\NTier\NTier.Logic\NTier.Logic.csproj", "{9EA298F1-8960-D8C6-619C-E2913707943F}"
EndProject
Project("{FAE04EC0-301F-11D3-BF4B-00C04F79EFBC}") = "NTier.UI", "Projects\Architectures\_OLD_\NTier\NTier.UI\NTier.UI.csproj", "{C8681DEA-005C-7548-8C07-53C069C5A997}"
EndProject
Project("{FAE04EC0-301F-11D3-BF4B-00C04F79EFBC}") = "BookingService", "Projects\Architectures\_OLD_\ServiceOriented\BookingService\BookingService.csproj", "{D7C6323D-975B-5A16-97A9-34B4E09FDAD9}"
EndProject
Project("{FAE04EC0-301F-11D3-BF4B-00C04F79EFBC}") = "EmailService", "Projects\Architectures\_OLD_\ServiceOriented\EmailService\EmailService.csproj", "{1AEA1A90-0FDD-CBCE-2869-A22BC5962D92}"
EndProject
Project("{FAE04EC0-301F-11D3-BF4B-00C04F79EFBC}") = "Monolith", "Projects\Architectures\_OLD_\Monolith\Monolith.csproj", "{713F1E62-4418-85F2-C356-9D0732D25EA6}"
EndProject
Project("{FAE04EC0-301F-11D3-BF4B-00C04F79EFBC}") = "Layered.Api", "Projects\Architectures\_OLD_\Layered\Layered.Api\Layered.Api.csproj", "{8E4BF310-0A65-A594-4E57-E93F0FA58D9A}"
EndProject
Project("{FAE04EC0-301F-11D3-BF4B-00C04F79EFBC}") = "Layered.DataAccess", "Projects\Architectures\_OLD_\Layered\Layered.DataAccess\Layered.DataAccess.csproj", "{1EC3F256-5E9A-D88D-88B2-E2BB8355D115}"
EndProject
Project("{FAE04EC0-301F-11D3-BF4B-00C04F79EFBC}") = "Layered.Service", "Projects\Architectures\_OLD_\Layered\Layered.Service\Layered.Service.csproj", "{C0534FCE-6589-32BC-CDBA-9853765AC17D}"
EndProject
Project("{FAE04EC0-301F-11D3-BF4B-00C04F79EFBC}") = "Layered.Domain", "Projects\Architectures\_OLD_\Layered\Layered.Domain\Layered.Domain.csproj", "{F18D00FE-336F-5B42-F6A6-28FDE4A29357}"
EndProject
Project("{FAE04EC0-301F-11D3-BF4B-00C04F79EFBC}") = "gRPC.Client", "Projects\Communication\gRPC\gRPC.Client\gRPC.Client.csproj", "{60DBC4D7-4CB0-71BD-832D-4E4BEF15FDF2}"
EndProject
Project("{FAE04EC0-301F-11D3-BF4B-00C04F79EFBC}") = "gRPC.Service", "Projects\Communication\gRPC\gRPC.Service\gRPC.Service.csproj", "{5CCF4AED-C787-9469-FB43-41F78829FE5C}"
EndProject
Project("{FAE04EC0-301F-11D3-BF4B-00C04F79EFBC}") = "RabbitMQ.Consumer", "Projects\MessageBrokers\RabbitMQ\RabbitMQ.Consumer\RabbitMQ.Consumer.csproj", "{55F7DE0F-5ACB-C997-2B72-3E271B882D48}"
EndProject
Project("{FAE04EC0-301F-11D3-BF4B-00C04F79EFBC}") = "RabbitMQ.Producer", "Projects\MessageBrokers\RabbitMQ\RabbitMQ.Producer\RabbitMQ.Producer.csproj", "{4D2358D4-11AF-200D-494C-23C28BAE0B76}"
EndProject
Project("{FAE04EC0-301F-11D3-BF4B-00C04F79EFBC}") = "Kafka.Consumer", "Projects\MessageBrokers\Kafka\Kafka.Consumer\Kafka.Consumer.csproj", "{84C593AF-9B63-827C-CD42-F8A4F55BF5E5}"
EndProject
Project("{2150E333-8FDC-42A3-9474-1A3956D46DE8}") = "GraphQL", "GraphQL", "{FA0F60B5-943E-4A44-9913-EFA2639839CB}"
EndProject
Project("{2150E333-8FDC-42A3-9474-1A3956D46DE8}") = "SOAP", "SOAP", "{78B42D8E-659D-40EA-BA22-1CCF183F508C}"
EndProject
Project("{2150E333-8FDC-42A3-9474-1A3956D46DE8}") = "Logging", "Logging", "{C2E42F96-21F5-47DB-9432-E5279F84CB85}"
EndProject
Project("{2150E333-8FDC-42A3-9474-1A3956D46DE8}") = "CQRS", "CQRS", "{D3118E00-754F-4955-A10F-C1560A449CD7}"
EndProject
Project("{2150E333-8FDC-42A3-9474-1A3956D46DE8}") = "EventSourcing", "EventSourcing", "{8A90DB92-FFB0-483B-8A90-A867F2B7931C}"
EndProject
Project("{2150E333-8FDC-42A3-9474-1A3956D46DE8}") = "Layered", "Layered", "{4BCC10BE-48D0-4981-A0E0-A829C35B36F3}"
EndProject
Project("{2150E333-8FDC-42A3-9474-1A3956D46DE8}") = "NTier", "NTier", "{782A4324-D69E-4522-A191-D784CEBF83FE}"
EndProject
Project("{2150E333-8FDC-42A3-9474-1A3956D46DE8}") = "ServiceOriented", "ServiceOriented", "{0DCF15E8-256F-44E1-A520-AF05D99F4662}"
EndProject
Project("{2150E333-8FDC-42A3-9474-1A3956D46DE8}") = "Monolith", "Monolith", "{F39286B8-FD02-40D5-9F5B-B1BA441CD611}"
EndProject
Global
	GlobalSection(SolutionConfigurationPlatforms) = preSolution
		Debug|Any CPU = Debug|Any CPU
		Release|Any CPU = Release|Any CPU
	EndGlobalSection
	GlobalSection(ProjectConfigurationPlatforms) = postSolution
		{852D931A-246C-4406-9432-974BBE28BE20}.Debug|Any CPU.ActiveCfg = Debug|Any CPU
		{852D931A-246C-4406-9432-974BBE28BE20}.Debug|Any CPU.Build.0 = Debug|Any CPU
		{852D931A-246C-4406-9432-974BBE28BE20}.Release|Any CPU.ActiveCfg = Release|Any CPU
		{852D931A-246C-4406-9432-974BBE28BE20}.Release|Any CPU.Build.0 = Release|Any CPU
		{BBB4C258-1D98-4725-BAE0-9B9E782120E9}.Debug|Any CPU.ActiveCfg = Debug|Any CPU
		{BBB4C258-1D98-4725-BAE0-9B9E782120E9}.Debug|Any CPU.Build.0 = Debug|Any CPU
		{BBB4C258-1D98-4725-BAE0-9B9E782120E9}.Release|Any CPU.ActiveCfg = Release|Any CPU
		{BBB4C258-1D98-4725-BAE0-9B9E782120E9}.Release|Any CPU.Build.0 = Release|Any CPU
		{F66A9422-C6FF-4CE6-B54C-262152F66FAA}.Debug|Any CPU.ActiveCfg = Debug|Any CPU
		{F66A9422-C6FF-4CE6-B54C-262152F66FAA}.Debug|Any CPU.Build.0 = Debug|Any CPU
		{F66A9422-C6FF-4CE6-B54C-262152F66FAA}.Release|Any CPU.ActiveCfg = Release|Any CPU
		{F66A9422-C6FF-4CE6-B54C-262152F66FAA}.Release|Any CPU.Build.0 = Release|Any CPU
		{BF0711F1-461F-4D94-8D08-E4C0BD4AA554}.Debug|Any CPU.ActiveCfg = Debug|Any CPU
		{BF0711F1-461F-4D94-8D08-E4C0BD4AA554}.Debug|Any CPU.Build.0 = Debug|Any CPU
		{BF0711F1-461F-4D94-8D08-E4C0BD4AA554}.Release|Any CPU.ActiveCfg = Release|Any CPU
		{BF0711F1-461F-4D94-8D08-E4C0BD4AA554}.Release|Any CPU.Build.0 = Release|Any CPU
		{F957DDCD-95CA-43FC-9886-17883D1EB329}.Debug|Any CPU.ActiveCfg = Debug|Any CPU
		{F957DDCD-95CA-43FC-9886-17883D1EB329}.Debug|Any CPU.Build.0 = Debug|Any CPU
		{F957DDCD-95CA-43FC-9886-17883D1EB329}.Release|Any CPU.ActiveCfg = Release|Any CPU
		{F957DDCD-95CA-43FC-9886-17883D1EB329}.Release|Any CPU.Build.0 = Release|Any CPU
		{B717D223-C8BE-45AA-810E-A4F503932281}.Debug|Any CPU.ActiveCfg = Debug|Any CPU
		{B717D223-C8BE-45AA-810E-A4F503932281}.Debug|Any CPU.Build.0 = Debug|Any CPU
		{B717D223-C8BE-45AA-810E-A4F503932281}.Release|Any CPU.ActiveCfg = Release|Any CPU
		{B717D223-C8BE-45AA-810E-A4F503932281}.Release|Any CPU.Build.0 = Release|Any CPU
		{DDA3CB77-84A9-4C96-BF13-42A25821ACAC}.Debug|Any CPU.ActiveCfg = Debug|Any CPU
		{DDA3CB77-84A9-4C96-BF13-42A25821ACAC}.Debug|Any CPU.Build.0 = Debug|Any CPU
		{DDA3CB77-84A9-4C96-BF13-42A25821ACAC}.Release|Any CPU.ActiveCfg = Release|Any CPU
		{DDA3CB77-84A9-4C96-BF13-42A25821ACAC}.Release|Any CPU.Build.0 = Release|Any CPU
		{6C969380-C3E8-468B-A925-7A68404E3B84}.Debug|Any CPU.ActiveCfg = Debug|Any CPU
		{6C969380-C3E8-468B-A925-7A68404E3B84}.Debug|Any CPU.Build.0 = Debug|Any CPU
		{6C969380-C3E8-468B-A925-7A68404E3B84}.Release|Any CPU.ActiveCfg = Release|Any CPU
		{6C969380-C3E8-468B-A925-7A68404E3B84}.Release|Any CPU.Build.0 = Release|Any CPU
		{C409197F-7B89-4D44-98CB-067B8D4AC19B}.Debug|Any CPU.ActiveCfg = Debug|Any CPU
		{C409197F-7B89-4D44-98CB-067B8D4AC19B}.Debug|Any CPU.Build.0 = Debug|Any CPU
		{C409197F-7B89-4D44-98CB-067B8D4AC19B}.Release|Any CPU.ActiveCfg = Release|Any CPU
		{C409197F-7B89-4D44-98CB-067B8D4AC19B}.Release|Any CPU.Build.0 = Release|Any CPU
		{B55F6EB5-4E55-4BA1-B085-5A0C92518791}.Debug|Any CPU.ActiveCfg = Debug|Any CPU
		{B55F6EB5-4E55-4BA1-B085-5A0C92518791}.Debug|Any CPU.Build.0 = Debug|Any CPU
		{B55F6EB5-4E55-4BA1-B085-5A0C92518791}.Release|Any CPU.ActiveCfg = Release|Any CPU
		{B55F6EB5-4E55-4BA1-B085-5A0C92518791}.Release|Any CPU.Build.0 = Release|Any CPU
		{A36151C0-F2BB-493A-A3F5-52A21EC24206}.Debug|Any CPU.ActiveCfg = Debug|Any CPU
		{A36151C0-F2BB-493A-A3F5-52A21EC24206}.Debug|Any CPU.Build.0 = Debug|Any CPU
		{A36151C0-F2BB-493A-A3F5-52A21EC24206}.Release|Any CPU.ActiveCfg = Release|Any CPU
		{A36151C0-F2BB-493A-A3F5-52A21EC24206}.Release|Any CPU.Build.0 = Release|Any CPU
		{C2877813-1B58-4661-98B8-3EB284B09646}.Debug|Any CPU.ActiveCfg = Debug|Any CPU
		{C2877813-1B58-4661-98B8-3EB284B09646}.Debug|Any CPU.Build.0 = Debug|Any CPU
		{C2877813-1B58-4661-98B8-3EB284B09646}.Release|Any CPU.ActiveCfg = Release|Any CPU
		{C2877813-1B58-4661-98B8-3EB284B09646}.Release|Any CPU.Build.0 = Release|Any CPU
		{D6F9E5AD-D77C-4E0C-BF62-FE91C0CF190D}.Debug|Any CPU.ActiveCfg = Debug|Any CPU
		{D6F9E5AD-D77C-4E0C-BF62-FE91C0CF190D}.Debug|Any CPU.Build.0 = Debug|Any CPU
		{D6F9E5AD-D77C-4E0C-BF62-FE91C0CF190D}.Release|Any CPU.ActiveCfg = Release|Any CPU
		{D6F9E5AD-D77C-4E0C-BF62-FE91C0CF190D}.Release|Any CPU.Build.0 = Release|Any CPU
		{749861C1-DB9E-4947-A9CE-22C09A1E2095}.Debug|Any CPU.ActiveCfg = Debug|Any CPU
		{749861C1-DB9E-4947-A9CE-22C09A1E2095}.Debug|Any CPU.Build.0 = Debug|Any CPU
		{749861C1-DB9E-4947-A9CE-22C09A1E2095}.Release|Any CPU.ActiveCfg = Release|Any CPU
		{749861C1-DB9E-4947-A9CE-22C09A1E2095}.Release|Any CPU.Build.0 = Release|Any CPU
		{45DE826A-7A9C-4702-BAEE-A39A6C2C777C}.Debug|Any CPU.ActiveCfg = Debug|Any CPU
		{45DE826A-7A9C-4702-BAEE-A39A6C2C777C}.Debug|Any CPU.Build.0 = Debug|Any CPU
		{45DE826A-7A9C-4702-BAEE-A39A6C2C777C}.Release|Any CPU.ActiveCfg = Release|Any CPU
		{45DE826A-7A9C-4702-BAEE-A39A6C2C777C}.Release|Any CPU.Build.0 = Release|Any CPU
		{930D9AA3-DFAE-40AA-8302-4EECA8176D6E}.Debug|Any CPU.ActiveCfg = Debug|Any CPU
		{930D9AA3-DFAE-40AA-8302-4EECA8176D6E}.Debug|Any CPU.Build.0 = Debug|Any CPU
		{930D9AA3-DFAE-40AA-8302-4EECA8176D6E}.Release|Any CPU.ActiveCfg = Release|Any CPU
		{930D9AA3-DFAE-40AA-8302-4EECA8176D6E}.Release|Any CPU.Build.0 = Release|Any CPU
		{CCBA9E7B-F933-4652-B4FB-374972328149}.Debug|Any CPU.ActiveCfg = Debug|Any CPU
		{CCBA9E7B-F933-4652-B4FB-374972328149}.Debug|Any CPU.Build.0 = Debug|Any CPU
		{CCBA9E7B-F933-4652-B4FB-374972328149}.Release|Any CPU.ActiveCfg = Release|Any CPU
		{CCBA9E7B-F933-4652-B4FB-374972328149}.Release|Any CPU.Build.0 = Release|Any CPU
		{59F9B2ED-0FAE-4A71-9B21-D96AC8F83843}.Debug|Any CPU.ActiveCfg = Debug|Any CPU
		{59F9B2ED-0FAE-4A71-9B21-D96AC8F83843}.Debug|Any CPU.Build.0 = Debug|Any CPU
		{59F9B2ED-0FAE-4A71-9B21-D96AC8F83843}.Release|Any CPU.ActiveCfg = Release|Any CPU
		{59F9B2ED-0FAE-4A71-9B21-D96AC8F83843}.Release|Any CPU.Build.0 = Release|Any CPU
		{04D7DC94-8B43-483A-807A-98D31973F303}.Debug|Any CPU.ActiveCfg = Debug|Any CPU
		{04D7DC94-8B43-483A-807A-98D31973F303}.Debug|Any CPU.Build.0 = Debug|Any CPU
		{04D7DC94-8B43-483A-807A-98D31973F303}.Release|Any CPU.ActiveCfg = Release|Any CPU
		{04D7DC94-8B43-483A-807A-98D31973F303}.Release|Any CPU.Build.0 = Release|Any CPU
		{AE3ECCA7-B870-43ED-A3C4-2393FA60202D}.Debug|Any CPU.ActiveCfg = Debug|Any CPU
		{AE3ECCA7-B870-43ED-A3C4-2393FA60202D}.Debug|Any CPU.Build.0 = Debug|Any CPU
		{AE3ECCA7-B870-43ED-A3C4-2393FA60202D}.Release|Any CPU.ActiveCfg = Release|Any CPU
		{AE3ECCA7-B870-43ED-A3C4-2393FA60202D}.Release|Any CPU.Build.0 = Release|Any CPU
		{FAE27F8D-994B-4FC8-80DE-D007FDBCC4B4}.Debug|Any CPU.ActiveCfg = Debug|Any CPU
		{FAE27F8D-994B-4FC8-80DE-D007FDBCC4B4}.Debug|Any CPU.Build.0 = Debug|Any CPU
		{FAE27F8D-994B-4FC8-80DE-D007FDBCC4B4}.Release|Any CPU.ActiveCfg = Release|Any CPU
		{FAE27F8D-994B-4FC8-80DE-D007FDBCC4B4}.Release|Any CPU.Build.0 = Release|Any CPU
		{4B1991EB-F37F-4D78-886A-CEB25C7BCC7B}.Debug|Any CPU.ActiveCfg = Debug|Any CPU
		{4B1991EB-F37F-4D78-886A-CEB25C7BCC7B}.Debug|Any CPU.Build.0 = Debug|Any CPU
		{4B1991EB-F37F-4D78-886A-CEB25C7BCC7B}.Release|Any CPU.ActiveCfg = Release|Any CPU
		{4B1991EB-F37F-4D78-886A-CEB25C7BCC7B}.Release|Any CPU.Build.0 = Release|Any CPU
		{C98B77C4-682D-411F-95F4-BD97629F30A4}.Debug|Any CPU.ActiveCfg = Debug|Any CPU
		{C98B77C4-682D-411F-95F4-BD97629F30A4}.Debug|Any CPU.Build.0 = Debug|Any CPU
		{C98B77C4-682D-411F-95F4-BD97629F30A4}.Release|Any CPU.ActiveCfg = Release|Any CPU
		{C98B77C4-682D-411F-95F4-BD97629F30A4}.Release|Any CPU.Build.0 = Release|Any CPU
		{ACC184BA-DD91-43CA-9BC8-45FC2D093DA1}.Debug|Any CPU.ActiveCfg = Debug|Any CPU
		{ACC184BA-DD91-43CA-9BC8-45FC2D093DA1}.Debug|Any CPU.Build.0 = Debug|Any CPU
		{ACC184BA-DD91-43CA-9BC8-45FC2D093DA1}.Release|Any CPU.ActiveCfg = Release|Any CPU
		{ACC184BA-DD91-43CA-9BC8-45FC2D093DA1}.Release|Any CPU.Build.0 = Release|Any CPU
		{124DADC4-DBA1-49DB-95C5-8B202E7ABCFB}.Debug|Any CPU.ActiveCfg = Debug|Any CPU
		{124DADC4-DBA1-49DB-95C5-8B202E7ABCFB}.Debug|Any CPU.Build.0 = Debug|Any CPU
		{124DADC4-DBA1-49DB-95C5-8B202E7ABCFB}.Release|Any CPU.ActiveCfg = Release|Any CPU
		{124DADC4-DBA1-49DB-95C5-8B202E7ABCFB}.Release|Any CPU.Build.0 = Release|Any CPU
		{D0767609-E73D-8539-DE80-E608473A9ECE}.Debug|Any CPU.ActiveCfg = Debug|Any CPU
		{D0767609-E73D-8539-DE80-E608473A9ECE}.Debug|Any CPU.Build.0 = Debug|Any CPU
		{D0767609-E73D-8539-DE80-E608473A9ECE}.Release|Any CPU.ActiveCfg = Release|Any CPU
		{D0767609-E73D-8539-DE80-E608473A9ECE}.Release|Any CPU.Build.0 = Release|Any CPU
		{30D38E65-1550-3E80-F38F-2DAE0AE45AAB}.Debug|Any CPU.ActiveCfg = Debug|Any CPU
		{30D38E65-1550-3E80-F38F-2DAE0AE45AAB}.Debug|Any CPU.Build.0 = Debug|Any CPU
		{30D38E65-1550-3E80-F38F-2DAE0AE45AAB}.Release|Any CPU.ActiveCfg = Release|Any CPU
		{30D38E65-1550-3E80-F38F-2DAE0AE45AAB}.Release|Any CPU.Build.0 = Release|Any CPU
		{4A6723A2-F5A1-31FB-4CED-1E403F49A6B6}.Debug|Any CPU.ActiveCfg = Debug|Any CPU
		{4A6723A2-F5A1-31FB-4CED-1E403F49A6B6}.Debug|Any CPU.Build.0 = Debug|Any CPU
		{4A6723A2-F5A1-31FB-4CED-1E403F49A6B6}.Release|Any CPU.ActiveCfg = Release|Any CPU
		{4A6723A2-F5A1-31FB-4CED-1E403F49A6B6}.Release|Any CPU.Build.0 = Release|Any CPU
		{3FFD74E5-0D12-323F-690B-F980332569DB}.Debug|Any CPU.ActiveCfg = Debug|Any CPU
		{3FFD74E5-0D12-323F-690B-F980332569DB}.Debug|Any CPU.Build.0 = Debug|Any CPU
		{3FFD74E5-0D12-323F-690B-F980332569DB}.Release|Any CPU.ActiveCfg = Release|Any CPU
		{3FFD74E5-0D12-323F-690B-F980332569DB}.Release|Any CPU.Build.0 = Release|Any CPU
		{F8DFF2D4-63C3-954C-FFD5-6F7B431C04E0}.Debug|Any CPU.ActiveCfg = Debug|Any CPU
		{F8DFF2D4-63C3-954C-FFD5-6F7B431C04E0}.Debug|Any CPU.Build.0 = Debug|Any CPU
		{F8DFF2D4-63C3-954C-FFD5-6F7B431C04E0}.Release|Any CPU.ActiveCfg = Release|Any CPU
		{F8DFF2D4-63C3-954C-FFD5-6F7B431C04E0}.Release|Any CPU.Build.0 = Release|Any CPU
		{AC5F4623-DC47-92B4-6CDE-86DFB20F33D0}.Debug|Any CPU.ActiveCfg = Debug|Any CPU
		{AC5F4623-DC47-92B4-6CDE-86DFB20F33D0}.Debug|Any CPU.Build.0 = Debug|Any CPU
		{AC5F4623-DC47-92B4-6CDE-86DFB20F33D0}.Release|Any CPU.ActiveCfg = Release|Any CPU
		{AC5F4623-DC47-92B4-6CDE-86DFB20F33D0}.Release|Any CPU.Build.0 = Release|Any CPU
		{9EA298F1-8960-D8C6-619C-E2913707943F}.Debug|Any CPU.ActiveCfg = Debug|Any CPU
		{9EA298F1-8960-D8C6-619C-E2913707943F}.Debug|Any CPU.Build.0 = Debug|Any CPU
		{9EA298F1-8960-D8C6-619C-E2913707943F}.Release|Any CPU.ActiveCfg = Release|Any CPU
		{9EA298F1-8960-D8C6-619C-E2913707943F}.Release|Any CPU.Build.0 = Release|Any CPU
		{C8681DEA-005C-7548-8C07-53C069C5A997}.Debug|Any CPU.ActiveCfg = Debug|Any CPU
		{C8681DEA-005C-7548-8C07-53C069C5A997}.Debug|Any CPU.Build.0 = Debug|Any CPU
		{C8681DEA-005C-7548-8C07-53C069C5A997}.Release|Any CPU.ActiveCfg = Release|Any CPU
		{C8681DEA-005C-7548-8C07-53C069C5A997}.Release|Any CPU.Build.0 = Release|Any CPU
		{D7C6323D-975B-5A16-97A9-34B4E09FDAD9}.Debug|Any CPU.ActiveCfg = Debug|Any CPU
		{D7C6323D-975B-5A16-97A9-34B4E09FDAD9}.Debug|Any CPU.Build.0 = Debug|Any CPU
		{D7C6323D-975B-5A16-97A9-34B4E09FDAD9}.Release|Any CPU.ActiveCfg = Release|Any CPU
		{D7C6323D-975B-5A16-97A9-34B4E09FDAD9}.Release|Any CPU.Build.0 = Release|Any CPU
		{1AEA1A90-0FDD-CBCE-2869-A22BC5962D92}.Debug|Any CPU.ActiveCfg = Debug|Any CPU
		{1AEA1A90-0FDD-CBCE-2869-A22BC5962D92}.Debug|Any CPU.Build.0 = Debug|Any CPU
		{1AEA1A90-0FDD-CBCE-2869-A22BC5962D92}.Release|Any CPU.ActiveCfg = Release|Any CPU
		{1AEA1A90-0FDD-CBCE-2869-A22BC5962D92}.Release|Any CPU.Build.0 = Release|Any CPU
		{713F1E62-4418-85F2-C356-9D0732D25EA6}.Debug|Any CPU.ActiveCfg = Debug|Any CPU
		{713F1E62-4418-85F2-C356-9D0732D25EA6}.Debug|Any CPU.Build.0 = Debug|Any CPU
		{713F1E62-4418-85F2-C356-9D0732D25EA6}.Release|Any CPU.ActiveCfg = Release|Any CPU
		{713F1E62-4418-85F2-C356-9D0732D25EA6}.Release|Any CPU.Build.0 = Release|Any CPU
		{8E4BF310-0A65-A594-4E57-E93F0FA58D9A}.Debug|Any CPU.ActiveCfg = Debug|Any CPU
		{8E4BF310-0A65-A594-4E57-E93F0FA58D9A}.Debug|Any CPU.Build.0 = Debug|Any CPU
		{8E4BF310-0A65-A594-4E57-E93F0FA58D9A}.Release|Any CPU.ActiveCfg = Release|Any CPU
		{8E4BF310-0A65-A594-4E57-E93F0FA58D9A}.Release|Any CPU.Build.0 = Release|Any CPU
		{1EC3F256-5E9A-D88D-88B2-E2BB8355D115}.Debug|Any CPU.ActiveCfg = Debug|Any CPU
		{1EC3F256-5E9A-D88D-88B2-E2BB8355D115}.Debug|Any CPU.Build.0 = Debug|Any CPU
		{1EC3F256-5E9A-D88D-88B2-E2BB8355D115}.Release|Any CPU.ActiveCfg = Release|Any CPU
		{1EC3F256-5E9A-D88D-88B2-E2BB8355D115}.Release|Any CPU.Build.0 = Release|Any CPU
		{C0534FCE-6589-32BC-CDBA-9853765AC17D}.Debug|Any CPU.ActiveCfg = Debug|Any CPU
		{C0534FCE-6589-32BC-CDBA-9853765AC17D}.Debug|Any CPU.Build.0 = Debug|Any CPU
		{C0534FCE-6589-32BC-CDBA-9853765AC17D}.Release|Any CPU.ActiveCfg = Release|Any CPU
		{C0534FCE-6589-32BC-CDBA-9853765AC17D}.Release|Any CPU.Build.0 = Release|Any CPU
		{F18D00FE-336F-5B42-F6A6-28FDE4A29357}.Debug|Any CPU.ActiveCfg = Debug|Any CPU
		{F18D00FE-336F-5B42-F6A6-28FDE4A29357}.Debug|Any CPU.Build.0 = Debug|Any CPU
		{F18D00FE-336F-5B42-F6A6-28FDE4A29357}.Release|Any CPU.ActiveCfg = Release|Any CPU
		{F18D00FE-336F-5B42-F6A6-28FDE4A29357}.Release|Any CPU.Build.0 = Release|Any CPU
		{60DBC4D7-4CB0-71BD-832D-4E4BEF15FDF2}.Debug|Any CPU.ActiveCfg = Debug|Any CPU
		{60DBC4D7-4CB0-71BD-832D-4E4BEF15FDF2}.Debug|Any CPU.Build.0 = Debug|Any CPU
		{60DBC4D7-4CB0-71BD-832D-4E4BEF15FDF2}.Release|Any CPU.ActiveCfg = Release|Any CPU
		{60DBC4D7-4CB0-71BD-832D-4E4BEF15FDF2}.Release|Any CPU.Build.0 = Release|Any CPU
		{5CCF4AED-C787-9469-FB43-41F78829FE5C}.Debug|Any CPU.ActiveCfg = Debug|Any CPU
		{5CCF4AED-C787-9469-FB43-41F78829FE5C}.Debug|Any CPU.Build.0 = Debug|Any CPU
		{5CCF4AED-C787-9469-FB43-41F78829FE5C}.Release|Any CPU.ActiveCfg = Release|Any CPU
		{5CCF4AED-C787-9469-FB43-41F78829FE5C}.Release|Any CPU.Build.0 = Release|Any CPU
		{55F7DE0F-5ACB-C997-2B72-3E271B882D48}.Debug|Any CPU.ActiveCfg = Debug|Any CPU
		{55F7DE0F-5ACB-C997-2B72-3E271B882D48}.Debug|Any CPU.Build.0 = Debug|Any CPU
		{55F7DE0F-5ACB-C997-2B72-3E271B882D48}.Release|Any CPU.ActiveCfg = Release|Any CPU
		{55F7DE0F-5ACB-C997-2B72-3E271B882D48}.Release|Any CPU.Build.0 = Release|Any CPU
		{4D2358D4-11AF-200D-494C-23C28BAE0B76}.Debug|Any CPU.ActiveCfg = Debug|Any CPU
		{4D2358D4-11AF-200D-494C-23C28BAE0B76}.Debug|Any CPU.Build.0 = Debug|Any CPU
		{4D2358D4-11AF-200D-494C-23C28BAE0B76}.Release|Any CPU.ActiveCfg = Release|Any CPU
		{4D2358D4-11AF-200D-494C-23C28BAE0B76}.Release|Any CPU.Build.0 = Release|Any CPU
		{84C593AF-9B63-827C-CD42-F8A4F55BF5E5}.Debug|Any CPU.ActiveCfg = Debug|Any CPU
		{84C593AF-9B63-827C-CD42-F8A4F55BF5E5}.Debug|Any CPU.Build.0 = Debug|Any CPU
		{84C593AF-9B63-827C-CD42-F8A4F55BF5E5}.Release|Any CPU.ActiveCfg = Release|Any CPU
		{84C593AF-9B63-827C-CD42-F8A4F55BF5E5}.Release|Any CPU.Build.0 = Release|Any CPU
	EndGlobalSection
	GlobalSection(SolutionProperties) = preSolution
		HideSolutionNode = FALSE
	EndGlobalSection
	GlobalSection(NestedProjects) = preSolution
		{5CBF09C7-1A70-4E85-81A7-FD41EE5D1730} = {2F35E805-1FD4-4A6F-B63A-61AC8B4EFC55}
		{38E08807-7B4E-4FE8-B7C6-94C3B141C097} = {2F35E805-1FD4-4A6F-B63A-61AC8B4EFC55}
		{7E4AD127-D305-432E-B5F8-93E203A7AE31} = {2F35E805-1FD4-4A6F-B63A-61AC8B4EFC55}
		{C70FEA3E-C589-4F13-93A2-CF31526D0233} = {2F35E805-1FD4-4A6F-B63A-61AC8B4EFC55}
		{71E45AE7-2C67-4BF9-BB2F-B383E17CE477} = {2F35E805-1FD4-4A6F-B63A-61AC8B4EFC55}
		{BBB4C258-1D98-4725-BAE0-9B9E782120E9} = {2697FB2E-D3A1-4034-84C9-F5CAB163142D}
		{F66A9422-C6FF-4CE6-B54C-262152F66FAA} = {2697FB2E-D3A1-4034-84C9-F5CAB163142D}
		{C419CC8C-DAAA-4A91-852B-BACD61432294} = {D6A9D2BF-E7D7-48C7-9A54-96DF1DA52523}
		{7C1507E5-E17D-4225-B9E5-4D63BC33DC61} = {71E45AE7-2C67-4BF9-BB2F-B383E17CE477}
		{39A58E64-EF6F-45AF-9834-74410F74DD17} = {71E45AE7-2C67-4BF9-BB2F-B383E17CE477}
		{9F751525-114B-43E5-83EC-58CCB9DF5DE7} = {71E45AE7-2C67-4BF9-BB2F-B383E17CE477}
		{91947B61-D1FE-4FF9-AF86-EEE32379334F} = {71E45AE7-2C67-4BF9-BB2F-B383E17CE477}
		{BB6B729D-6888-4111-A1AF-FB50FB5182D2} = {71E45AE7-2C67-4BF9-BB2F-B383E17CE477}
		{BF0711F1-461F-4D94-8D08-E4C0BD4AA554} = {136F7167-68F8-4DA3-AFA1-7515FA36F392}
		{F957DDCD-95CA-43FC-9886-17883D1EB329} = {136F7167-68F8-4DA3-AFA1-7515FA36F392}
		{B717D223-C8BE-45AA-810E-A4F503932281} = {02EA681E-C7D8-13C7-8484-4AC65E1B71E8}
		{3CFC58EB-1856-4113-A1EE-CADB67A2EEB6} = {2697FB2E-D3A1-4034-84C9-F5CAB163142D}
		{6C969380-C3E8-468B-A925-7A68404E3B84} = {3CFC58EB-1856-4113-A1EE-CADB67A2EEB6}
		{C409197F-7B89-4D44-98CB-067B8D4AC19B} = {3CFC58EB-1856-4113-A1EE-CADB67A2EEB6}
		{18C32C68-39E6-4FEE-8649-0AD703C967DD} = {CDAB7265-4FD9-45DF-BF0A-92B75925F4A3}
		{A36151C0-F2BB-493A-A3F5-52A21EC24206} = {18C32C68-39E6-4FEE-8649-0AD703C967DD}
		{C2877813-1B58-4661-98B8-3EB284B09646} = {18C32C68-39E6-4FEE-8649-0AD703C967DD}
		{D6F9E5AD-D77C-4E0C-BF62-FE91C0CF190D} = {18C32C68-39E6-4FEE-8649-0AD703C967DD}
		{749861C1-DB9E-4947-A9CE-22C09A1E2095} = {18C32C68-39E6-4FEE-8649-0AD703C967DD}
		{45DE826A-7A9C-4702-BAEE-A39A6C2C777C} = {18C32C68-39E6-4FEE-8649-0AD703C967DD}
		{71E2D3F4-0631-4445-8535-B6DFC699031A} = {E68971F2-074C-4374-BDED-8056550162CB}
		{E223DDEE-75E5-4F99-83E8-5D793D99AAE0} = {D69DDF54-6889-4664-BA2C-EE6718AA9095}
		{930D9AA3-DFAE-40AA-8302-4EECA8176D6E} = {50BA77A4-4073-48DA-B035-964A73484E1E}
		{CCBA9E7B-F933-4652-B4FB-374972328149} = {50BA77A4-4073-48DA-B035-964A73484E1E}
		{59F9B2ED-0FAE-4A71-9B21-D96AC8F83843} = {50BA77A4-4073-48DA-B035-964A73484E1E}
		{04D7DC94-8B43-483A-807A-98D31973F303} = {50BA77A4-4073-48DA-B035-964A73484E1E}
		{AE3ECCA7-B870-43ED-A3C4-2393FA60202D} = {50BA77A4-4073-48DA-B035-964A73484E1E}
		{FAE27F8D-994B-4FC8-80DE-D007FDBCC4B4} = {50BA77A4-4073-48DA-B035-964A73484E1E}
		{4B1991EB-F37F-4D78-886A-CEB25C7BCC7B} = {D1FD3035-9FBE-43DE-A610-C4EF3B890700}
		{812A568E-59FD-4CCC-87AF-926183C8ADF4} = {E68971F2-074C-4374-BDED-8056550162CB}
		{C98B77C4-682D-411F-95F4-BD97629F30A4} = {A2B0DD06-2A43-4E2E-B276-F301F102F818}
		{ACC184BA-DD91-43CA-9BC8-45FC2D093DA1} = {812A568E-59FD-4CCC-87AF-926183C8ADF4}
		{4165FDA8-4BB2-4838-B6B0-E4C56C45F50E} = {960A4096-3254-40E8-8571-C5C5CADB27D7}
		{124DADC4-DBA1-49DB-95C5-8B202E7ABCFB} = {4165FDA8-4BB2-4838-B6B0-E4C56C45F50E}
		{2F35E805-1FD4-4A6F-B63A-61AC8B4EFC55} = {CDAB7265-4FD9-45DF-BF0A-92B75925F4A3}
		{6BC63024-6F77-464C-95B0-55450F544581} = {D69DDF54-6889-4664-BA2C-EE6718AA9095}
		{CF47479C-E194-4E76-9C87-9A6D55C6CCED} = {CDAB7265-4FD9-45DF-BF0A-92B75925F4A3}
		{C3A559A3-78B3-4633-BA3C-A91AED7ECA56} = {D6A9D2BF-E7D7-48C7-9A54-96DF1DA52523}
		{D0767609-E73D-8539-DE80-E608473A9ECE} = {C70FEA3E-C589-4F13-93A2-CF31526D0233}
		{30D38E65-1550-3E80-F38F-2DAE0AE45AAB} = {C70FEA3E-C589-4F13-93A2-CF31526D0233}
		{4A6723A2-F5A1-31FB-4CED-1E403F49A6B6} = {C70FEA3E-C589-4F13-93A2-CF31526D0233}
		{3FFD74E5-0D12-323F-690B-F980332569DB} = {C70FEA3E-C589-4F13-93A2-CF31526D0233}
		{F8DFF2D4-63C3-954C-FFD5-6F7B431C04E0} = {C70FEA3E-C589-4F13-93A2-CF31526D0233}
		{AC5F4623-DC47-92B4-6CDE-86DFB20F33D0} = {5CBF09C7-1A70-4E85-81A7-FD41EE5D1730}
		{9EA298F1-8960-D8C6-619C-E2913707943F} = {5CBF09C7-1A70-4E85-81A7-FD41EE5D1730}
		{C8681DEA-005C-7548-8C07-53C069C5A997} = {5CBF09C7-1A70-4E85-81A7-FD41EE5D1730}
		{D7C6323D-975B-5A16-97A9-34B4E09FDAD9} = {38E08807-7B4E-4FE8-B7C6-94C3B141C097}
		{1AEA1A90-0FDD-CBCE-2869-A22BC5962D92} = {38E08807-7B4E-4FE8-B7C6-94C3B141C097}
		{713F1E62-4418-85F2-C356-9D0732D25EA6} = {2F35E805-1FD4-4A6F-B63A-61AC8B4EFC55}
		{8E4BF310-0A65-A594-4E57-E93F0FA58D9A} = {7E4AD127-D305-432E-B5F8-93E203A7AE31}
		{1EC3F256-5E9A-D88D-88B2-E2BB8355D115} = {7E4AD127-D305-432E-B5F8-93E203A7AE31}
		{C0534FCE-6589-32BC-CDBA-9853765AC17D} = {7E4AD127-D305-432E-B5F8-93E203A7AE31}
		{F18D00FE-336F-5B42-F6A6-28FDE4A29357} = {7E4AD127-D305-432E-B5F8-93E203A7AE31}
		{60DBC4D7-4CB0-71BD-832D-4E4BEF15FDF2} = {E223DDEE-75E5-4F99-83E8-5D793D99AAE0}
		{5CCF4AED-C787-9469-FB43-41F78829FE5C} = {E223DDEE-75E5-4F99-83E8-5D793D99AAE0}
		{55F7DE0F-5ACB-C997-2B72-3E271B882D48} = {71E2D3F4-0631-4445-8535-B6DFC699031A}
		{4D2358D4-11AF-200D-494C-23C28BAE0B76} = {71E2D3F4-0631-4445-8535-B6DFC699031A}
		{84C593AF-9B63-827C-CD42-F8A4F55BF5E5} = {812A568E-59FD-4CCC-87AF-926183C8ADF4}
		{FA0F60B5-943E-4A44-9913-EFA2639839CB} = {D69DDF54-6889-4664-BA2C-EE6718AA9095}
		{78B42D8E-659D-40EA-BA22-1CCF183F508C} = {D69DDF54-6889-4664-BA2C-EE6718AA9095}
		{D3118E00-754F-4955-A10F-C1560A449CD7} = {CDAB7265-4FD9-45DF-BF0A-92B75925F4A3}
		{8A90DB92-FFB0-483B-8A90-A867F2B7931C} = {CDAB7265-4FD9-45DF-BF0A-92B75925F4A3}
		{4BCC10BE-48D0-4981-A0E0-A829C35B36F3} = {CDAB7265-4FD9-45DF-BF0A-92B75925F4A3}
		{782A4324-D69E-4522-A191-D784CEBF83FE} = {CDAB7265-4FD9-45DF-BF0A-92B75925F4A3}
		{0DCF15E8-256F-44E1-A520-AF05D99F4662} = {CDAB7265-4FD9-45DF-BF0A-92B75925F4A3}
		{F39286B8-FD02-40D5-9F5B-B1BA441CD611} = {CDAB7265-4FD9-45DF-BF0A-92B75925F4A3}
	EndGlobalSection
	GlobalSection(ExtensibilityGlobals) = postSolution
		SolutionGuid = {5C3FE8DB-917F-412C-81A3-E5F87D993B11}
	EndGlobalSection
EndGlobal
