
Microsoft Visual Studio Solution File, Format Version 12.00
# Visual Studio Version 17
VisualStudioVersion = 17.1.32228.430
MinimumVisualStudioVersion = 10.0.40219.1
Project("{9A19103F-16F7-4668-BE54-9A1E7A4F7556}") = "Education", "Projects\Education\Education.csproj", "{852D931A-246C-4406-9432-974BBE28BE20}"
EndProject
Project("{2150E333-8FDC-42A3-9474-1A3956D46DE8}") = "Architectures", "Architectures", "{CDAB7265-4FD9-45DF-BF0A-92B75925F4A3}"
EndProject
Project("{2150E333-8FDC-42A3-9474-1A3956D46DE8}") = "Landscepe Patterns", "Landscepe Patterns", "{F302F9D6-70F9-4324-8642-9F5E165DE9A9}"
EndProject
Project("{9A19103F-16F7-4668-BE54-9A1E7A4F7556}") = "Monolith", "Projects\Architectures\LandscapePattersns\Monolith\Monolith.csproj", "{9582B775-8F6F-4730-9C43-24B783FC73BD}"
EndProject
Project("{2150E333-8FDC-42A3-9474-1A3956D46DE8}") = "N-Tier", "N-Tier", "{5CBF09C7-1A70-4E85-81A7-FD41EE5D1730}"
EndProject
Project("{2150E333-8FDC-42A3-9474-1A3956D46DE8}") = "Service-Oriented", "Service-Oriented", "{38E08807-7B4E-4FE8-B7C6-94C3B141C097}"
EndProject
Project("{2150E333-8FDC-42A3-9474-1A3956D46DE8}") = "Structure Patterns", "Structure Patterns", "{ED634A92-CECD-4EA3-99D7-5200CC491D0A}"
EndProject
Project("{2150E333-8FDC-42A3-9474-1A3956D46DE8}") = "Layered", "Layered", "{7E4AD127-D305-432E-B5F8-93E203A7AE31}"
EndProject
Project("{9A19103F-16F7-4668-BE54-9A1E7A4F7556}") = "BookingService", "Projects\Architectures\LandscapePattersns\ServiceOriented\BookingService\BookingService.csproj", "{9C9EEFB3-76D1-4589-A9CB-0F9565A5BE0F}"
EndProject
Project("{9A19103F-16F7-4668-BE54-9A1E7A4F7556}") = "EmailService", "Projects\Architectures\LandscapePattersns\ServiceOriented\EmailService\EmailService.csproj", "{40564FC5-B106-4BC5-ADE1-268924B57B8E}"
EndProject
Project("{2150E333-8FDC-42A3-9474-1A3956D46DE8}") = "CQRS", "CQRS", "{C70FEA3E-C589-4F13-93A2-CF31526D0233}"
EndProject
Project("{2150E333-8FDC-42A3-9474-1A3956D46DE8}") = "Event-sourcing", "Event-sourcing", "{71E45AE7-2C67-4BF9-BB2F-B383E17CE477}"
	ProjectSection(SolutionItems) = preProject
		Projects\Architectures\Structure patterns\Event-sourcing\README.cs = Projects\Architectures\Structure patterns\Event-sourcing\README.cs
	EndProjectSection
EndProject
Project("{2150E333-8FDC-42A3-9474-1A3956D46DE8}") = "README", "README", "{D6A9D2BF-E7D7-48C7-9A54-96DF1DA52523}"
	ProjectSection(SolutionItems) = preProject
		README\ApiTypes.cs = README\ApiTypes.cs
		README\Architectures.cs = README\Architectures.cs
		Auth.cs = Auth.cs
		README\CICD.cs = README\CICD.cs
		README\Docker.cs = README\Docker.cs
		README\GraphQL тело запросов в Postman.cs = README\GraphQL тело запросов в Postman.cs
		README\Kafka.cs = README\Kafka.cs
		README\MongoDB.cs = README\MongoDB.cs
		README\Тестирование.cs = README\Тестирование.cs
	EndProjectSection
EndProject
Project("{9A19103F-16F7-4668-BE54-9A1E7A4F7556}") = "Layered.Domain", "Projects\Architectures\Structure patterns\Layered\Layered.Domain\Layered.Domain.csproj", "{1C2680BC-F945-42D1-8126-5C646F5282C1}"
EndProject
Project("{9A19103F-16F7-4668-BE54-9A1E7A4F7556}") = "Layered.DataAccess", "Projects\Architectures\Structure patterns\Layered\Layered.DataAccess\Layered.DataAccess.csproj", "{EC8868F3-77C6-4590-87DB-6E3F62AF71CE}"
EndProject
Project("{9A19103F-16F7-4668-BE54-9A1E7A4F7556}") = "Layered.Service", "Projects\Architectures\Structure patterns\Layered\Layered.Service\Layered.Service.csproj", "{F0660085-5489-48F7-8A84-5CA825BE1DAC}"
EndProject
Project("{9A19103F-16F7-4668-BE54-9A1E7A4F7556}") = "Layered.Api", "Projects\Architectures\Structure patterns\Layered\Layered.Api\Layered.Api.csproj", "{DFA59A77-704F-45EA-B093-F045D4D6F07F}"
EndProject
Project("{9A19103F-16F7-4668-BE54-9A1E7A4F7556}") = "NTier.DataAccess", "Projects\Architectures\LandscapePattersns\NTier\NTier.DataAccess\NTier.DataAccess.csproj", "{1CBDFB7D-383D-42FB-B012-0BD4C4E57125}"
EndProject
Project("{9A19103F-16F7-4668-BE54-9A1E7A4F7556}") = "NTier.UI", "Projects\Architectures\LandscapePattersns\NTier\NTier.UI\NTier.UI.csproj", "{57D2A433-8B57-4460-94D2-A5DD861BC54C}"
EndProject
Project("{9A19103F-16F7-4668-BE54-9A1E7A4F7556}") = "NTier.Logic", "Projects\Architectures\LandscapePattersns\NTier\NTier.Logic\NTier.Logic.csproj", "{B43A422B-57E3-4818-9CF6-C7A1A923E71C}"
EndProject
Project("{2150E333-8FDC-42A3-9474-1A3956D46DE8}") = "Authentication authorization", "Authentication authorization", "{2697FB2E-D3A1-4034-84C9-F5CAB163142D}"
EndProject
Project("{9A19103F-16F7-4668-BE54-9A1E7A4F7556}") = "JWTToken", "Projects\AuthenticationAuthorization\JWTToken\JWTToken.csproj", "{BBB4C258-1D98-4725-BAE0-9B9E782120E9}"
EndProject
Project("{9A19103F-16F7-4668-BE54-9A1E7A4F7556}") = "ApiAuthentication", "Projects\AuthenticationAuthorization\ApiAuthentication\ApiAuthentication.csproj", "{F66A9422-C6FF-4CE6-B54C-262152F66FAA}"
EndProject
Project("{2150E333-8FDC-42A3-9474-1A3956D46DE8}") = "GitHub Notes", "GitHub Notes", "{C419CC8C-DAAA-4A91-852B-BACD61432294}"
	ProjectSection(SolutionItems) = preProject
		README\GitHub Notes\Blender.cs = README\GitHub Notes\Blender.cs
		README\GitHub Notes\cpp.cpp = README\GitHub Notes\cpp.cpp
		README\GitHub Notes\Git.cs = README\GitHub Notes\Git.cs
		README\GitHub Notes\JavaScript.js = README\GitHub Notes\JavaScript.js
		README\GitHub Notes\RESTClient.http = README\GitHub Notes\RESTClient.http
		README\GitHub Notes\SQL.cs = README\GitHub Notes\SQL.cs
		README\GitHub Notes\Steam.cs = README\GitHub Notes\Steam.cs
		README\GitHub Notes\TypeScript.ts = README\GitHub Notes\TypeScript.ts
		README\GitHub Notes\uecpp.cpp = README\GitHub Notes\uecpp.cpp
	EndProjectSection
EndProject
Project("{2150E333-8FDC-42A3-9474-1A3956D46DE8}") = "Enum", "Enum", "{7C1507E5-E17D-4225-B9E5-4D63BC33DC61}"
	ProjectSection(SolutionItems) = preProject
		Projects\Architectures\Structure patterns\Event-sourcing\Emum\OrderStatus.cs = Projects\Architectures\Structure patterns\Event-sourcing\Emum\OrderStatus.cs
	EndProjectSection
EndProject
Project("{2150E333-8FDC-42A3-9474-1A3956D46DE8}") = "Events", "Events", "{39A58E64-EF6F-45AF-9834-74410F74DD17}"
	ProjectSection(SolutionItems) = preProject
		Projects\Architectures\Structure patterns\Event-sourcing\Events\OrderCancelledEvent.cs = Projects\Architectures\Structure patterns\Event-sourcing\Events\OrderCancelledEvent.cs
		Projects\Architectures\Structure patterns\Event-sourcing\Events\OrderCreatedEvent.cs = Projects\Architectures\Structure patterns\Event-sourcing\Events\OrderCreatedEvent.cs
	EndProjectSection
EndProject
Project("{2150E333-8FDC-42A3-9474-1A3956D46DE8}") = "EventModel", "EventModel", "{9F751525-114B-43E5-83EC-58CCB9DF5DE7}"
	ProjectSection(SolutionItems) = preProject
		Projects\Architectures\Structure patterns\Event-sourcing\EventModel\Order.cs = Projects\Architectures\Structure patterns\Event-sourcing\EventModel\Order.cs
	EndProjectSection
EndProject
Project("{2150E333-8FDC-42A3-9474-1A3956D46DE8}") = "EventStore", "EventStore", "{91947B61-D1FE-4FF9-AF86-EEE32379334F}"
	ProjectSection(SolutionItems) = preProject
		Projects\Architectures\Structure patterns\Event-sourcing\EventStore\IEventStore.cs = Projects\Architectures\Structure patterns\Event-sourcing\EventStore\IEventStore.cs
		Projects\Architectures\Structure patterns\Event-sourcing\EventStore\InMemoryEventStore.cs = Projects\Architectures\Structure patterns\Event-sourcing\EventStore\InMemoryEventStore.cs
	EndProjectSection
EndProject
Project("{2150E333-8FDC-42A3-9474-1A3956D46DE8}") = "Services", "Services", "{BB6B729D-6888-4111-A1AF-FB50FB5182D2}"
	ProjectSection(SolutionItems) = preProject
		Projects\Architectures\Structure patterns\Event-sourcing\Services\Order.cs = Projects\Architectures\Structure patterns\Event-sourcing\Services\Order.cs
		Projects\Architectures\Structure patterns\Event-sourcing\Services\OrderQueryService.cs = Projects\Architectures\Structure patterns\Event-sourcing\Services\OrderQueryService.cs
		Projects\Architectures\Structure patterns\Event-sourcing\Services\OrderService.cs = Projects\Architectures\Structure patterns\Event-sourcing\Services\OrderService.cs
	EndProjectSection
EndProject
Project("{2150E333-8FDC-42A3-9474-1A3956D46DE8}") = "RabbitMQ", "RabbitMQ", "{018239CE-09D9-4ECC-B451-4696C1EEA0CB}"
EndProject
Project("{9A19103F-16F7-4668-BE54-9A1E7A4F7556}") = "RabbitMQ_Publisher", "Projects\RabbitMQ\RabbitMQ_Publisher\RabbitMQ_Publisher.csproj", "{0FC0026D-5C59-4686-AF98-4B6FA8825D65}"
EndProject
Project("{9A19103F-16F7-4668-BE54-9A1E7A4F7556}") = "RabbitMQ_Consumer", "RabbitMQ_Consumer\RabbitMQ_Consumer.csproj", "{56A0D064-003D-4A24-A7A9-FBDE629C7703}"
EndProject
Project("{2150E333-8FDC-42A3-9474-1A3956D46DE8}") = "API Gateway", "API Gateway", "{136F7167-68F8-4DA3-AFA1-7515FA36F392}"
EndProject
Project("{9A19103F-16F7-4668-BE54-9A1E7A4F7556}") = "Ocelot.Gateway", "Projects\API Gateway\Ocelot.Gateway\Ocelot.Gateway.csproj", "{BF0711F1-461F-4D94-8D08-E4C0BD4AA554}"
EndProject
Project("{9A19103F-16F7-4668-BE54-9A1E7A4F7556}") = "Yarp.Gateway", "Projects\API Gateway\Yarp.Gateway\Yarp.Gateway.csproj", "{F957DDCD-95CA-43FC-9886-17883D1EB329}"
EndProject
Project("{9A19103F-16F7-4668-BE54-9A1E7A4F7556}") = "API", "Projects\API Gateway\API\API.csproj", "{292A2FA3-7693-450C-917C-9355FC1876E1}"
EndProject
Project("{9A19103F-16F7-4668-BE54-9A1E7A4F7556}") = "Application", "Projects\Architectures\Structure patterns\CQRS\Application\Application.csproj", "{57EE0C32-CFB7-43E7-8278-B90B17A9D990}"
EndProject
Project("{9A19103F-16F7-4668-BE54-9A1E7A4F7556}") = "Domain", "Projects\Architectures\Structure patterns\CQRS\Domain\Domain.csproj", "{C26D4CCF-7991-434D-A7B5-A4E8DF5B3C68}"
EndProject
Project("{9A19103F-16F7-4668-BE54-9A1E7A4F7556}") = "WebApi", "Projects\Architectures\Structure patterns\CQRS\WebApi\WebApi.csproj", "{CC3C6212-3FF0-47A2-9D4E-04D1F26590B1}"
EndProject
Project("{9A19103F-16F7-4668-BE54-9A1E7A4F7556}") = "Presentation", "Projects\Architectures\Structure patterns\CQRS\Presentation\Presentation.csproj", "{770F25B0-2624-49B3-8D02-5764E0780076}"
EndProject
Project("{9A19103F-16F7-4668-BE54-9A1E7A4F7556}") = "Infrastructure", "Projects\Architectures\Structure patterns\CQRS\Infrastructure\Infrastructure.csproj", "{5BCA7D05-4676-4367-B15A-EC5824C956A6}"
EndProject
Project("{2150E333-8FDC-42A3-9474-1A3956D46DE8}") = "FeatureFlag", "FeatureFlag", "{02EA681E-C7D8-13C7-8484-4AC65E1B71E8}"
EndProject
Project("{9A19103F-16F7-4668-BE54-9A1E7A4F7556}") = "FeatureFlag", "Projects\FeatureFlag\FeatureFlag\FeatureFlag.csproj", "{B717D223-C8BE-45AA-810E-A4F503932281}"
EndProject
Project("{2150E333-8FDC-42A3-9474-1A3956D46DE8}") = "Keycloak", "Keycloak", "{3CFC58EB-1856-4113-A1EE-CADB67A2EEB6}"
EndProject
Project("{E53339B2-1760-4266-BCC7-CA923CBCF16C}") = "docker-compose", "docker-compose.dcproj", "{DDA3CB77-84A9-4C96-BF13-42A25821ACAC}"
EndProject
Project("{FAE04EC0-301F-11D3-BF4B-00C04F79EFBC}") = "KeycloakWebAPI", "Projects\AuthenticationAuthorization\Keycloak\KeycloakWebAPI\KeycloakWebAPI.csproj", "{6C969380-C3E8-468B-A925-7A68404E3B84}"
EndProject
Project("{FAE04EC0-301F-11D3-BF4B-00C04F79EFBC}") = "KeycloakWebApp", "Projects\AuthenticationAuthorization\Keycloak\KeycloakWebApp\KeycloakWebApp.csproj", "{C409197F-7B89-4D44-98CB-067B8D4AC19B}"
EndProject
Project("{FAE04EC0-301F-11D3-BF4B-00C04F79EFBC}") = "ConsoleApp", "Projects\ConsoleApp\ConsoleApp.csproj", "{B55F6EB5-4E55-4BA1-B085-5A0C92518791}"
EndProject
Project("{2150E333-8FDC-42A3-9474-1A3956D46DE8}") = "DDD", "DDD", "{18C32C68-39E6-4FEE-8649-0AD703C967DD}"
EndProject
Project("{FAE04EC0-301F-11D3-BF4B-00C04F79EFBC}") = "Presentation", "Projects\Architectures\DDD\Presentation\Presentation.csproj", "{A36151C0-F2BB-493A-A3F5-52A21EC24206}"
EndProject
Project("{FAE04EC0-301F-11D3-BF4B-00C04F79EFBC}") = "Domain", "Projects\Architectures\DDD\Domain\Domain.csproj", "{C2877813-1B58-4661-98B8-3EB284B09646}"
EndProject
Project("{FAE04EC0-301F-11D3-BF4B-00C04F79EFBC}") = "Application", "Projects\Architectures\DDD\Application\Application.csproj", "{D6F9E5AD-D77C-4E0C-BF62-FE91C0CF190D}"
EndProject
Project("{FAE04EC0-301F-11D3-BF4B-00C04F79EFBC}") = "Infrastructure", "Projects\Architectures\DDD\Infrastructure\Infrastructure.csproj", "{749861C1-DB9E-4947-A9CE-22C09A1E2095}"
EndProject
Project("{FAE04EC0-301F-11D3-BF4B-00C04F79EFBC}") = "Tests", "Projects\Architectures\DDD\Tests\Tests.csproj", "{45DE826A-7A9C-4702-BAEE-A39A6C2C777C}"
EndProject
Global
	GlobalSection(SolutionConfigurationPlatforms) = preSolution
		Debug|Any CPU = Debug|Any CPU
		Release|Any CPU = Release|Any CPU
	EndGlobalSection
	GlobalSection(ProjectConfigurationPlatforms) = postSolution
		{852D931A-246C-4406-9432-974BBE28BE20}.Debug|Any CPU.ActiveCfg = Debug|Any CPU
		{852D931A-246C-4406-9432-974BBE28BE20}.Debug|Any CPU.Build.0 = Debug|Any CPU
		{852D931A-246C-4406-9432-974BBE28BE20}.Release|Any CPU.ActiveCfg = Release|Any CPU
		{852D931A-246C-4406-9432-974BBE28BE20}.Release|Any CPU.Build.0 = Release|Any CPU
		{9582B775-8F6F-4730-9C43-24B783FC73BD}.Debug|Any CPU.ActiveCfg = Debug|Any CPU
		{9582B775-8F6F-4730-9C43-24B783FC73BD}.Debug|Any CPU.Build.0 = Debug|Any CPU
		{9582B775-8F6F-4730-9C43-24B783FC73BD}.Release|Any CPU.ActiveCfg = Release|Any CPU
		{9582B775-8F6F-4730-9C43-24B783FC73BD}.Release|Any CPU.Build.0 = Release|Any CPU
		{9C9EEFB3-76D1-4589-A9CB-0F9565A5BE0F}.Debug|Any CPU.ActiveCfg = Debug|Any CPU
		{9C9EEFB3-76D1-4589-A9CB-0F9565A5BE0F}.Debug|Any CPU.Build.0 = Debug|Any CPU
		{9C9EEFB3-76D1-4589-A9CB-0F9565A5BE0F}.Release|Any CPU.ActiveCfg = Release|Any CPU
		{9C9EEFB3-76D1-4589-A9CB-0F9565A5BE0F}.Release|Any CPU.Build.0 = Release|Any CPU
		{40564FC5-B106-4BC5-ADE1-268924B57B8E}.Debug|Any CPU.ActiveCfg = Debug|Any CPU
		{40564FC5-B106-4BC5-ADE1-268924B57B8E}.Debug|Any CPU.Build.0 = Debug|Any CPU
		{40564FC5-B106-4BC5-ADE1-268924B57B8E}.Release|Any CPU.ActiveCfg = Release|Any CPU
		{40564FC5-B106-4BC5-ADE1-268924B57B8E}.Release|Any CPU.Build.0 = Release|Any CPU
		{1C2680BC-F945-42D1-8126-5C646F5282C1}.Debug|Any CPU.ActiveCfg = Debug|Any CPU
		{1C2680BC-F945-42D1-8126-5C646F5282C1}.Debug|Any CPU.Build.0 = Debug|Any CPU
		{1C2680BC-F945-42D1-8126-5C646F5282C1}.Release|Any CPU.ActiveCfg = Release|Any CPU
		{1C2680BC-F945-42D1-8126-5C646F5282C1}.Release|Any CPU.Build.0 = Release|Any CPU
		{EC8868F3-77C6-4590-87DB-6E3F62AF71CE}.Debug|Any CPU.ActiveCfg = Debug|Any CPU
		{EC8868F3-77C6-4590-87DB-6E3F62AF71CE}.Debug|Any CPU.Build.0 = Debug|Any CPU
		{EC8868F3-77C6-4590-87DB-6E3F62AF71CE}.Release|Any CPU.ActiveCfg = Release|Any CPU
		{EC8868F3-77C6-4590-87DB-6E3F62AF71CE}.Release|Any CPU.Build.0 = Release|Any CPU
		{F0660085-5489-48F7-8A84-5CA825BE1DAC}.Debug|Any CPU.ActiveCfg = Debug|Any CPU
		{F0660085-5489-48F7-8A84-5CA825BE1DAC}.Debug|Any CPU.Build.0 = Debug|Any CPU
		{F0660085-5489-48F7-8A84-5CA825BE1DAC}.Release|Any CPU.ActiveCfg = Release|Any CPU
		{F0660085-5489-48F7-8A84-5CA825BE1DAC}.Release|Any CPU.Build.0 = Release|Any CPU
		{DFA59A77-704F-45EA-B093-F045D4D6F07F}.Debug|Any CPU.ActiveCfg = Debug|Any CPU
		{DFA59A77-704F-45EA-B093-F045D4D6F07F}.Debug|Any CPU.Build.0 = Debug|Any CPU
		{DFA59A77-704F-45EA-B093-F045D4D6F07F}.Release|Any CPU.ActiveCfg = Release|Any CPU
		{DFA59A77-704F-45EA-B093-F045D4D6F07F}.Release|Any CPU.Build.0 = Release|Any CPU
		{1CBDFB7D-383D-42FB-B012-0BD4C4E57125}.Debug|Any CPU.ActiveCfg = Debug|Any CPU
		{1CBDFB7D-383D-42FB-B012-0BD4C4E57125}.Debug|Any CPU.Build.0 = Debug|Any CPU
		{1CBDFB7D-383D-42FB-B012-0BD4C4E57125}.Release|Any CPU.ActiveCfg = Release|Any CPU
		{1CBDFB7D-383D-42FB-B012-0BD4C4E57125}.Release|Any CPU.Build.0 = Release|Any CPU
		{57D2A433-8B57-4460-94D2-A5DD861BC54C}.Debug|Any CPU.ActiveCfg = Debug|Any CPU
		{57D2A433-8B57-4460-94D2-A5DD861BC54C}.Debug|Any CPU.Build.0 = Debug|Any CPU
		{57D2A433-8B57-4460-94D2-A5DD861BC54C}.Release|Any CPU.ActiveCfg = Release|Any CPU
		{57D2A433-8B57-4460-94D2-A5DD861BC54C}.Release|Any CPU.Build.0 = Release|Any CPU
		{B43A422B-57E3-4818-9CF6-C7A1A923E71C}.Debug|Any CPU.ActiveCfg = Debug|Any CPU
		{B43A422B-57E3-4818-9CF6-C7A1A923E71C}.Debug|Any CPU.Build.0 = Debug|Any CPU
		{B43A422B-57E3-4818-9CF6-C7A1A923E71C}.Release|Any CPU.ActiveCfg = Release|Any CPU
		{B43A422B-57E3-4818-9CF6-C7A1A923E71C}.Release|Any CPU.Build.0 = Release|Any CPU
		{BBB4C258-1D98-4725-BAE0-9B9E782120E9}.Debug|Any CPU.ActiveCfg = Debug|Any CPU
		{BBB4C258-1D98-4725-BAE0-9B9E782120E9}.Debug|Any CPU.Build.0 = Debug|Any CPU
		{BBB4C258-1D98-4725-BAE0-9B9E782120E9}.Release|Any CPU.ActiveCfg = Release|Any CPU
		{BBB4C258-1D98-4725-BAE0-9B9E782120E9}.Release|Any CPU.Build.0 = Release|Any CPU
		{F66A9422-C6FF-4CE6-B54C-262152F66FAA}.Debug|Any CPU.ActiveCfg = Debug|Any CPU
		{F66A9422-C6FF-4CE6-B54C-262152F66FAA}.Debug|Any CPU.Build.0 = Debug|Any CPU
		{F66A9422-C6FF-4CE6-B54C-262152F66FAA}.Release|Any CPU.ActiveCfg = Release|Any CPU
		{F66A9422-C6FF-4CE6-B54C-262152F66FAA}.Release|Any CPU.Build.0 = Release|Any CPU
		{0FC0026D-5C59-4686-AF98-4B6FA8825D65}.Debug|Any CPU.ActiveCfg = Debug|Any CPU
		{0FC0026D-5C59-4686-AF98-4B6FA8825D65}.Debug|Any CPU.Build.0 = Debug|Any CPU
		{0FC0026D-5C59-4686-AF98-4B6FA8825D65}.Release|Any CPU.ActiveCfg = Release|Any CPU
		{0FC0026D-5C59-4686-AF98-4B6FA8825D65}.Release|Any CPU.Build.0 = Release|Any CPU
		{56A0D064-003D-4A24-A7A9-FBDE629C7703}.Debug|Any CPU.ActiveCfg = Debug|Any CPU
		{56A0D064-003D-4A24-A7A9-FBDE629C7703}.Debug|Any CPU.Build.0 = Debug|Any CPU
		{56A0D064-003D-4A24-A7A9-FBDE629C7703}.Release|Any CPU.ActiveCfg = Release|Any CPU
		{56A0D064-003D-4A24-A7A9-FBDE629C7703}.Release|Any CPU.Build.0 = Release|Any CPU
		{BF0711F1-461F-4D94-8D08-E4C0BD4AA554}.Debug|Any CPU.ActiveCfg = Debug|Any CPU
		{BF0711F1-461F-4D94-8D08-E4C0BD4AA554}.Debug|Any CPU.Build.0 = Debug|Any CPU
		{BF0711F1-461F-4D94-8D08-E4C0BD4AA554}.Release|Any CPU.ActiveCfg = Release|Any CPU
		{BF0711F1-461F-4D94-8D08-E4C0BD4AA554}.Release|Any CPU.Build.0 = Release|Any CPU
		{F957DDCD-95CA-43FC-9886-17883D1EB329}.Debug|Any CPU.ActiveCfg = Debug|Any CPU
		{F957DDCD-95CA-43FC-9886-17883D1EB329}.Debug|Any CPU.Build.0 = Debug|Any CPU
		{F957DDCD-95CA-43FC-9886-17883D1EB329}.Release|Any CPU.ActiveCfg = Release|Any CPU
		{F957DDCD-95CA-43FC-9886-17883D1EB329}.Release|Any CPU.Build.0 = Release|Any CPU
		{292A2FA3-7693-450C-917C-9355FC1876E1}.Debug|Any CPU.ActiveCfg = Debug|Any CPU
		{292A2FA3-7693-450C-917C-9355FC1876E1}.Debug|Any CPU.Build.0 = Debug|Any CPU
		{292A2FA3-7693-450C-917C-9355FC1876E1}.Release|Any CPU.ActiveCfg = Release|Any CPU
		{292A2FA3-7693-450C-917C-9355FC1876E1}.Release|Any CPU.Build.0 = Release|Any CPU
		{57EE0C32-CFB7-43E7-8278-B90B17A9D990}.Debug|Any CPU.ActiveCfg = Debug|Any CPU
		{57EE0C32-CFB7-43E7-8278-B90B17A9D990}.Debug|Any CPU.Build.0 = Debug|Any CPU
		{57EE0C32-CFB7-43E7-8278-B90B17A9D990}.Release|Any CPU.ActiveCfg = Release|Any CPU
		{57EE0C32-CFB7-43E7-8278-B90B17A9D990}.Release|Any CPU.Build.0 = Release|Any CPU
		{C26D4CCF-7991-434D-A7B5-A4E8DF5B3C68}.Debug|Any CPU.ActiveCfg = Debug|Any CPU
		{C26D4CCF-7991-434D-A7B5-A4E8DF5B3C68}.Debug|Any CPU.Build.0 = Debug|Any CPU
		{C26D4CCF-7991-434D-A7B5-A4E8DF5B3C68}.Release|Any CPU.ActiveCfg = Release|Any CPU
		{C26D4CCF-7991-434D-A7B5-A4E8DF5B3C68}.Release|Any CPU.Build.0 = Release|Any CPU
		{CC3C6212-3FF0-47A2-9D4E-04D1F26590B1}.Debug|Any CPU.ActiveCfg = Debug|Any CPU
		{CC3C6212-3FF0-47A2-9D4E-04D1F26590B1}.Debug|Any CPU.Build.0 = Debug|Any CPU
		{CC3C6212-3FF0-47A2-9D4E-04D1F26590B1}.Release|Any CPU.ActiveCfg = Release|Any CPU
		{CC3C6212-3FF0-47A2-9D4E-04D1F26590B1}.Release|Any CPU.Build.0 = Release|Any CPU
		{770F25B0-2624-49B3-8D02-5764E0780076}.Debug|Any CPU.ActiveCfg = Debug|Any CPU
		{770F25B0-2624-49B3-8D02-5764E0780076}.Debug|Any CPU.Build.0 = Debug|Any CPU
		{770F25B0-2624-49B3-8D02-5764E0780076}.Release|Any CPU.ActiveCfg = Release|Any CPU
		{770F25B0-2624-49B3-8D02-5764E0780076}.Release|Any CPU.Build.0 = Release|Any CPU
		{5BCA7D05-4676-4367-B15A-EC5824C956A6}.Debug|Any CPU.ActiveCfg = Debug|Any CPU
		{5BCA7D05-4676-4367-B15A-EC5824C956A6}.Debug|Any CPU.Build.0 = Debug|Any CPU
		{5BCA7D05-4676-4367-B15A-EC5824C956A6}.Release|Any CPU.ActiveCfg = Release|Any CPU
		{5BCA7D05-4676-4367-B15A-EC5824C956A6}.Release|Any CPU.Build.0 = Release|Any CPU
		{B717D223-C8BE-45AA-810E-A4F503932281}.Debug|Any CPU.ActiveCfg = Debug|Any CPU
		{B717D223-C8BE-45AA-810E-A4F503932281}.Debug|Any CPU.Build.0 = Debug|Any CPU
		{B717D223-C8BE-45AA-810E-A4F503932281}.Release|Any CPU.ActiveCfg = Release|Any CPU
		{B717D223-C8BE-45AA-810E-A4F503932281}.Release|Any CPU.Build.0 = Release|Any CPU
		{DDA3CB77-84A9-4C96-BF13-42A25821ACAC}.Debug|Any CPU.ActiveCfg = Debug|Any CPU
		{DDA3CB77-84A9-4C96-BF13-42A25821ACAC}.Debug|Any CPU.Build.0 = Debug|Any CPU
		{DDA3CB77-84A9-4C96-BF13-42A25821ACAC}.Release|Any CPU.ActiveCfg = Release|Any CPU
		{DDA3CB77-84A9-4C96-BF13-42A25821ACAC}.Release|Any CPU.Build.0 = Release|Any CPU
		{6C969380-C3E8-468B-A925-7A68404E3B84}.Debug|Any CPU.ActiveCfg = Debug|Any CPU
		{6C969380-C3E8-468B-A925-7A68404E3B84}.Debug|Any CPU.Build.0 = Debug|Any CPU
		{6C969380-C3E8-468B-A925-7A68404E3B84}.Release|Any CPU.ActiveCfg = Release|Any CPU
		{6C969380-C3E8-468B-A925-7A68404E3B84}.Release|Any CPU.Build.0 = Release|Any CPU
		{C409197F-7B89-4D44-98CB-067B8D4AC19B}.Debug|Any CPU.ActiveCfg = Debug|Any CPU
		{C409197F-7B89-4D44-98CB-067B8D4AC19B}.Debug|Any CPU.Build.0 = Debug|Any CPU
		{C409197F-7B89-4D44-98CB-067B8D4AC19B}.Release|Any CPU.ActiveCfg = Release|Any CPU
		{C409197F-7B89-4D44-98CB-067B8D4AC19B}.Release|Any CPU.Build.0 = Release|Any CPU
		{B55F6EB5-4E55-4BA1-B085-5A0C92518791}.Debug|Any CPU.ActiveCfg = Debug|Any CPU
		{B55F6EB5-4E55-4BA1-B085-5A0C92518791}.Debug|Any CPU.Build.0 = Debug|Any CPU
		{B55F6EB5-4E55-4BA1-B085-5A0C92518791}.Release|Any CPU.ActiveCfg = Release|Any CPU
		{B55F6EB5-4E55-4BA1-B085-5A0C92518791}.Release|Any CPU.Build.0 = Release|Any CPU
		{A36151C0-F2BB-493A-A3F5-52A21EC24206}.Debug|Any CPU.ActiveCfg = Debug|Any CPU
		{A36151C0-F2BB-493A-A3F5-52A21EC24206}.Debug|Any CPU.Build.0 = Debug|Any CPU
		{A36151C0-F2BB-493A-A3F5-52A21EC24206}.Release|Any CPU.ActiveCfg = Release|Any CPU
		{A36151C0-F2BB-493A-A3F5-52A21EC24206}.Release|Any CPU.Build.0 = Release|Any CPU
		{C2877813-1B58-4661-98B8-3EB284B09646}.Debug|Any CPU.ActiveCfg = Debug|Any CPU
		{C2877813-1B58-4661-98B8-3EB284B09646}.Debug|Any CPU.Build.0 = Debug|Any CPU
		{C2877813-1B58-4661-98B8-3EB284B09646}.Release|Any CPU.ActiveCfg = Release|Any CPU
		{C2877813-1B58-4661-98B8-3EB284B09646}.Release|Any CPU.Build.0 = Release|Any CPU
		{D6F9E5AD-D77C-4E0C-BF62-FE91C0CF190D}.Debug|Any CPU.ActiveCfg = Debug|Any CPU
		{D6F9E5AD-D77C-4E0C-BF62-FE91C0CF190D}.Debug|Any CPU.Build.0 = Debug|Any CPU
		{D6F9E5AD-D77C-4E0C-BF62-FE91C0CF190D}.Release|Any CPU.ActiveCfg = Release|Any CPU
		{D6F9E5AD-D77C-4E0C-BF62-FE91C0CF190D}.Release|Any CPU.Build.0 = Release|Any CPU
		{749861C1-DB9E-4947-A9CE-22C09A1E2095}.Debug|Any CPU.ActiveCfg = Debug|Any CPU
		{749861C1-DB9E-4947-A9CE-22C09A1E2095}.Debug|Any CPU.Build.0 = Debug|Any CPU
		{749861C1-DB9E-4947-A9CE-22C09A1E2095}.Release|Any CPU.ActiveCfg = Release|Any CPU
		{749861C1-DB9E-4947-A9CE-22C09A1E2095}.Release|Any CPU.Build.0 = Release|Any CPU
		{45DE826A-7A9C-4702-BAEE-A39A6C2C777C}.Debug|Any CPU.ActiveCfg = Debug|Any CPU
		{45DE826A-7A9C-4702-BAEE-A39A6C2C777C}.Debug|Any CPU.Build.0 = Debug|Any CPU
		{45DE826A-7A9C-4702-BAEE-A39A6C2C777C}.Release|Any CPU.ActiveCfg = Release|Any CPU
		{45DE826A-7A9C-4702-BAEE-A39A6C2C777C}.Release|Any CPU.Build.0 = Release|Any CPU
	EndGlobalSection
	GlobalSection(SolutionProperties) = preSolution
		HideSolutionNode = FALSE
	EndGlobalSection
	GlobalSection(NestedProjects) = preSolution
		{F302F9D6-70F9-4324-8642-9F5E165DE9A9} = {CDAB7265-4FD9-45DF-BF0A-92B75925F4A3}
		{9582B775-8F6F-4730-9C43-24B783FC73BD} = {F302F9D6-70F9-4324-8642-9F5E165DE9A9}
		{5CBF09C7-1A70-4E85-81A7-FD41EE5D1730} = {F302F9D6-70F9-4324-8642-9F5E165DE9A9}
		{38E08807-7B4E-4FE8-B7C6-94C3B141C097} = {F302F9D6-70F9-4324-8642-9F5E165DE9A9}
		{ED634A92-CECD-4EA3-99D7-5200CC491D0A} = {CDAB7265-4FD9-45DF-BF0A-92B75925F4A3}
		{7E4AD127-D305-432E-B5F8-93E203A7AE31} = {ED634A92-CECD-4EA3-99D7-5200CC491D0A}
		{9C9EEFB3-76D1-4589-A9CB-0F9565A5BE0F} = {38E08807-7B4E-4FE8-B7C6-94C3B141C097}
		{40564FC5-B106-4BC5-ADE1-268924B57B8E} = {38E08807-7B4E-4FE8-B7C6-94C3B141C097}
		{C70FEA3E-C589-4F13-93A2-CF31526D0233} = {ED634A92-CECD-4EA3-99D7-5200CC491D0A}
		{71E45AE7-2C67-4BF9-BB2F-B383E17CE477} = {ED634A92-CECD-4EA3-99D7-5200CC491D0A}
		{1C2680BC-F945-42D1-8126-5C646F5282C1} = {7E4AD127-D305-432E-B5F8-93E203A7AE31}
		{EC8868F3-77C6-4590-87DB-6E3F62AF71CE} = {7E4AD127-D305-432E-B5F8-93E203A7AE31}
		{F0660085-5489-48F7-8A84-5CA825BE1DAC} = {7E4AD127-D305-432E-B5F8-93E203A7AE31}
		{DFA59A77-704F-45EA-B093-F045D4D6F07F} = {7E4AD127-D305-432E-B5F8-93E203A7AE31}
		{1CBDFB7D-383D-42FB-B012-0BD4C4E57125} = {5CBF09C7-1A70-4E85-81A7-FD41EE5D1730}
		{57D2A433-8B57-4460-94D2-A5DD861BC54C} = {5CBF09C7-1A70-4E85-81A7-FD41EE5D1730}
		{B43A422B-57E3-4818-9CF6-C7A1A923E71C} = {5CBF09C7-1A70-4E85-81A7-FD41EE5D1730}
		{BBB4C258-1D98-4725-BAE0-9B9E782120E9} = {2697FB2E-D3A1-4034-84C9-F5CAB163142D}
		{F66A9422-C6FF-4CE6-B54C-262152F66FAA} = {2697FB2E-D3A1-4034-84C9-F5CAB163142D}
		{C419CC8C-DAAA-4A91-852B-BACD61432294} = {D6A9D2BF-E7D7-48C7-9A54-96DF1DA52523}
		{7C1507E5-E17D-4225-B9E5-4D63BC33DC61} = {71E45AE7-2C67-4BF9-BB2F-B383E17CE477}
		{39A58E64-EF6F-45AF-9834-74410F74DD17} = {71E45AE7-2C67-4BF9-BB2F-B383E17CE477}
		{9F751525-114B-43E5-83EC-58CCB9DF5DE7} = {71E45AE7-2C67-4BF9-BB2F-B383E17CE477}
		{91947B61-D1FE-4FF9-AF86-EEE32379334F} = {71E45AE7-2C67-4BF9-BB2F-B383E17CE477}
		{BB6B729D-6888-4111-A1AF-FB50FB5182D2} = {71E45AE7-2C67-4BF9-BB2F-B383E17CE477}
		{0FC0026D-5C59-4686-AF98-4B6FA8825D65} = {018239CE-09D9-4ECC-B451-4696C1EEA0CB}
		{56A0D064-003D-4A24-A7A9-FBDE629C7703} = {018239CE-09D9-4ECC-B451-4696C1EEA0CB}
		{BF0711F1-461F-4D94-8D08-E4C0BD4AA554} = {136F7167-68F8-4DA3-AFA1-7515FA36F392}
		{F957DDCD-95CA-43FC-9886-17883D1EB329} = {136F7167-68F8-4DA3-AFA1-7515FA36F392}
		{292A2FA3-7693-450C-917C-9355FC1876E1} = {136F7167-68F8-4DA3-AFA1-7515FA36F392}
		{57EE0C32-CFB7-43E7-8278-B90B17A9D990} = {C70FEA3E-C589-4F13-93A2-CF31526D0233}
		{C26D4CCF-7991-434D-A7B5-A4E8DF5B3C68} = {C70FEA3E-C589-4F13-93A2-CF31526D0233}
		{CC3C6212-3FF0-47A2-9D4E-04D1F26590B1} = {C70FEA3E-C589-4F13-93A2-CF31526D0233}
		{770F25B0-2624-49B3-8D02-5764E0780076} = {C70FEA3E-C589-4F13-93A2-CF31526D0233}
		{5BCA7D05-4676-4367-B15A-EC5824C956A6} = {C70FEA3E-C589-4F13-93A2-CF31526D0233}
		{B717D223-C8BE-45AA-810E-A4F503932281} = {02EA681E-C7D8-13C7-8484-4AC65E1B71E8}
		{3CFC58EB-1856-4113-A1EE-CADB67A2EEB6} = {2697FB2E-D3A1-4034-84C9-F5CAB163142D}
		{6C969380-C3E8-468B-A925-7A68404E3B84} = {3CFC58EB-1856-4113-A1EE-CADB67A2EEB6}
		{C409197F-7B89-4D44-98CB-067B8D4AC19B} = {3CFC58EB-1856-4113-A1EE-CADB67A2EEB6}
		{18C32C68-39E6-4FEE-8649-0AD703C967DD} = {CDAB7265-4FD9-45DF-BF0A-92B75925F4A3}
		{A36151C0-F2BB-493A-A3F5-52A21EC24206} = {18C32C68-39E6-4FEE-8649-0AD703C967DD}
		{C2877813-1B58-4661-98B8-3EB284B09646} = {18C32C68-39E6-4FEE-8649-0AD703C967DD}
		{D6F9E5AD-D77C-4E0C-BF62-FE91C0CF190D} = {18C32C68-39E6-4FEE-8649-0AD703C967DD}
		{749861C1-DB9E-4947-A9CE-22C09A1E2095} = {18C32C68-39E6-4FEE-8649-0AD703C967DD}
		{45DE826A-7A9C-4702-BAEE-A39A6C2C777C} = {18C32C68-39E6-4FEE-8649-0AD703C967DD}
	EndGlobalSection
	GlobalSection(ExtensibilityGlobals) = postSolution
		SolutionGuid = {5C3FE8DB-917F-412C-81A3-E5F87D993B11}
	EndGlobalSection
EndGlobal
