
Microsoft Visual Studio Solution File, Format Version 12.00
# Visual Studio Version 17
VisualStudioVersion = 17.1.32228.430
MinimumVisualStudioVersion = 10.0.40219.1
Project("{2150E333-8FDC-42A3-9474-1A3956D46DE8}") = "UI Patterns", "UI Patterns", "{B1C553D4-E33D-4386-A372-AAB2C49EBB81}"
EndProject
Project("{9A19103F-16F7-4668-BE54-9A1E7A4F7556}") = "Education", "Projects\Education\Education.csproj", "{852D931A-246C-4406-9432-974BBE28BE20}"
EndProject
Project("{2150E333-8FDC-42A3-9474-1A3956D46DE8}") = "Architectures", "Architectures", "{CDAB7265-4FD9-45DF-BF0A-92B75925F4A3}"
EndProject
Project("{2150E333-8FDC-42A3-9474-1A3956D46DE8}") = "Landscepe Patterns", "Landscepe Patterns", "{F302F9D6-70F9-4324-8642-9F5E165DE9A9}"
EndProject
Project("{2150E333-8FDC-42A3-9474-1A3956D46DE8}") = "Microservices", "Microservices", "{B88D7078-B5ED-4F82-B857-30A37EF3A1CC}"
EndProject
Project("{9A19103F-16F7-4668-BE54-9A1E7A4F7556}") = "Microservices.Customers", "Projects\Architectures\LandscapePattersns\Microservices\Microservices.Customers\Microservices.Customers.csproj", "{CB1C85F8-7D4F-4619-9B29-177957CA05E2}"
EndProject
Project("{9A19103F-16F7-4668-BE54-9A1E7A4F7556}") = "Microservices.Orders", "Projects\Architectures\LandscapePattersns\Microservices\Microservices.Orders\Microservices.Orders.csproj", "{79418C6F-6A3E-4379-AA31-2ED54714CBF4}"
EndProject
Project("{9A19103F-16F7-4668-BE54-9A1E7A4F7556}") = "Microservices.Products", "Projects\Architectures\LandscapePattersns\Microservices\Microservices.Products\Microservices.Products.csproj", "{B13A8BCA-E1D5-418D-B6E6-8446F1DCF92A}"
EndProject
Project("{9A19103F-16F7-4668-BE54-9A1E7A4F7556}") = "Microservices.Search", "Projects\Architectures\LandscapePattersns\Microservices\Microservices.Search\Microservices.Search.csproj", "{A1959E80-3ACD-4C81-B8EB-C18CA976C116}"
EndProject
Project("{9A19103F-16F7-4668-BE54-9A1E7A4F7556}") = "Microservices.Tests", "Projects\Architectures\LandscapePattersns\Microservices\Microservices.Tests\Microservices.Tests.csproj", "{47FC6621-00E1-4F51-8E31-A01BC545EE1E}"
EndProject
Project("{9A19103F-16F7-4668-BE54-9A1E7A4F7556}") = "Monolith", "Projects\Architectures\LandscapePattersns\Monolith\Monolith.csproj", "{9582B775-8F6F-4730-9C43-24B783FC73BD}"
EndProject
Project("{2150E333-8FDC-42A3-9474-1A3956D46DE8}") = "N-Tier", "N-Tier", "{5CBF09C7-1A70-4E85-81A7-FD41EE5D1730}"
EndProject
Project("{2150E333-8FDC-42A3-9474-1A3956D46DE8}") = "Service-Oriented", "Service-Oriented", "{38E08807-7B4E-4FE8-B7C6-94C3B141C097}"
EndProject
Project("{2150E333-8FDC-42A3-9474-1A3956D46DE8}") = "Structure Patterns", "Structure Patterns", "{ED634A92-CECD-4EA3-99D7-5200CC491D0A}"
EndProject
Project("{2150E333-8FDC-42A3-9474-1A3956D46DE8}") = "Layered", "Layered", "{7E4AD127-D305-432E-B5F8-93E203A7AE31}"
EndProject
Project("{2150E333-8FDC-42A3-9474-1A3956D46DE8}") = "Microkernel", "Microkernel", "{218BB8D8-52ED-4E74-9D73-A649CD5A6621}"
EndProject
Project("{9A19103F-16F7-4668-BE54-9A1E7A4F7556}") = "BookingService", "Projects\Architectures\LandscapePattersns\ServiceOriented\BookingService\BookingService.csproj", "{9C9EEFB3-76D1-4589-A9CB-0F9565A5BE0F}"
EndProject
Project("{9A19103F-16F7-4668-BE54-9A1E7A4F7556}") = "EmailService", "Projects\Architectures\LandscapePattersns\ServiceOriented\EmailService\EmailService.csproj", "{40564FC5-B106-4BC5-ADE1-268924B57B8E}"
EndProject
Project("{9A19103F-16F7-4668-BE54-9A1E7A4F7556}") = "MVC", "Projects\Architectures\UI Patterns\MVC\MVC.csproj", "{896F1D2D-36AB-4AE4-A49B-1F7DDF415F85}"
EndProject
Project("{2150E333-8FDC-42A3-9474-1A3956D46DE8}") = "CQRS", "CQRS", "{C70FEA3E-C589-4F13-93A2-CF31526D0233}"
EndProject
Project("{2150E333-8FDC-42A3-9474-1A3956D46DE8}") = "Event-sourcing", "Event-sourcing", "{71E45AE7-2C67-4BF9-BB2F-B383E17CE477}"
	ProjectSection(SolutionItems) = preProject
		Projects\Architectures\Structure patterns\Event-sourcing\README.cs = Projects\Architectures\Structure patterns\Event-sourcing\README.cs
	EndProjectSection
EndProject
Project("{2150E333-8FDC-42A3-9474-1A3956D46DE8}") = "CQRS-ES", "CQRS-ES", "{D90D753F-7E1C-4ECF-AFA9-21F9B793664B}"
EndProject
Project("{2150E333-8FDC-42A3-9474-1A3956D46DE8}") = "Serverless", "Serverless", "{EE7CDAD3-E1EF-4FF9-8D81-0D8A9551D9C5}"
EndProject
Project("{2150E333-8FDC-42A3-9474-1A3956D46DE8}") = "Peer to peer", "Peer to peer", "{026F1372-EE29-4A21-B185-8D0C0E3FC548}"
EndProject
Project("{2150E333-8FDC-42A3-9474-1A3956D46DE8}") = "README", "README", "{D6A9D2BF-E7D7-48C7-9A54-96DF1DA52523}"
	ProjectSection(SolutionItems) = preProject
		README\ApiTypes.cs = README\ApiTypes.cs
		README\Architectures.cs = README\Architectures.cs
		README\AuthenticationAuthorization.cs = README\AuthenticationAuthorization.cs
		README\Deploy.cs = README\Deploy.cs
		README\Docker.cs = README\Docker.cs
		README\GraphQL тело запросов в Postman.cs = README\GraphQL тело запросов в Postman.cs
		README\JSON.cs = README\JSON.cs
		README\Kafka.cs = README\Kafka.cs
		README\MongoDB.cs = README\MongoDB.cs
		README\Redis.cs = README\Redis.cs
		README\Тестирование.cs = README\Тестирование.cs
	EndProjectSection
EndProject
Project("{9A19103F-16F7-4668-BE54-9A1E7A4F7556}") = "MVVM", "Projects\Architectures\UI Patterns\MVVM\MVVM.csproj", "{017650FA-9992-477B-92F7-7BFAD493669C}"
EndProject
Project("{FAE04EC0-301F-11D3-BF4B-00C04F79EFBC}") = "MVP", "Projects\Architectures\UI Patterns\MVP\MVP.csproj", "{7715D0AA-351E-4534-A21D-6AE3339D68C1}"
EndProject
Project("{2150E333-8FDC-42A3-9474-1A3956D46DE8}") = "API Architectures", "API Architectures", "{F1817D3E-72CE-4AD5-9327-EF7512DD0270}"
EndProject
Project("{2150E333-8FDC-42A3-9474-1A3956D46DE8}") = "REST", "REST", "{71EC422F-84F3-45EA-8DAC-D4864AF968BB}"
EndProject
Project("{2150E333-8FDC-42A3-9474-1A3956D46DE8}") = "RPC", "RPC", "{0650A5F5-6367-48A9-9535-65CEE886E64B}"
EndProject
Project("{2150E333-8FDC-42A3-9474-1A3956D46DE8}") = "JSON API", "JSON API", "{96D3E0E3-22EC-47AF-8891-274CAFD415CC}"
EndProject
Project("{2150E333-8FDC-42A3-9474-1A3956D46DE8}") = "SOAP", "SOAP", "{486D0DD5-CBD7-4C13-86C5-D68FD8BECE75}"
EndProject
Project("{2150E333-8FDC-42A3-9474-1A3956D46DE8}") = "JSON-RPC", "JSON-RPC", "{B06F5EC4-B38B-49E5-BF9D-08F147C22FF2}"
EndProject
Project("{2150E333-8FDC-42A3-9474-1A3956D46DE8}") = "gRPC", "gRPC", "{DB092510-2BD3-4622-B307-628C9B3099B7}"
EndProject
Project("{9A19103F-16F7-4668-BE54-9A1E7A4F7556}") = "GraphQL", "Projects\Architectures\API Architectures\REST\GraphQL\GraphQL.csproj", "{7B067A26-B380-44D5-81AC-3162DB950D55}"
EndProject
Project("{9A19103F-16F7-4668-BE54-9A1E7A4F7556}") = "RESTFul", "Projects\Architectures\API Architectures\REST\WebApi\RESTFul.csproj", "{9E9AEF84-9EE4-44B8-8869-9B17AD4C32A2}"
EndProject
Project("{2150E333-8FDC-42A3-9474-1A3956D46DE8}") = "Testing", "Testing", "{85A60D9C-BA1E-4B75-B6AD-83BA71310F3D}"
EndProject
Project("{9A19103F-16F7-4668-BE54-9A1E7A4F7556}") = "AppToTest", "Projects\Testing\AppToTest\AppToTest.csproj", "{CCD0BCC1-39F1-454B-841C-1667CB1759C8}"
EndProject
Project("{9A19103F-16F7-4668-BE54-9A1E7A4F7556}") = "xUnit_", "Projects\Testing\xUnit\xUnit_.csproj", "{530473E4-1EC1-45AE-BD54-0AA0A5D211CF}"
EndProject
Project("{9A19103F-16F7-4668-BE54-9A1E7A4F7556}") = "Layered.Domain", "Projects\Architectures\Structure patterns\Layered\Layered.Domain\Layered.Domain.csproj", "{1C2680BC-F945-42D1-8126-5C646F5282C1}"
EndProject
Project("{9A19103F-16F7-4668-BE54-9A1E7A4F7556}") = "Layered.DataAccess", "Projects\Architectures\Structure patterns\Layered\Layered.DataAccess\Layered.DataAccess.csproj", "{EC8868F3-77C6-4590-87DB-6E3F62AF71CE}"
EndProject
Project("{9A19103F-16F7-4668-BE54-9A1E7A4F7556}") = "Layered.Service", "Projects\Architectures\Structure patterns\Layered\Layered.Service\Layered.Service.csproj", "{F0660085-5489-48F7-8A84-5CA825BE1DAC}"
EndProject
Project("{9A19103F-16F7-4668-BE54-9A1E7A4F7556}") = "Layered.Api", "Projects\Architectures\Structure patterns\Layered\Layered.Api\Layered.Api.csproj", "{DFA59A77-704F-45EA-B093-F045D4D6F07F}"
EndProject
Project("{9A19103F-16F7-4668-BE54-9A1E7A4F7556}") = "NTier.DataAccess", "Projects\Architectures\LandscapePattersns\NTier\NTier.DataAccess\NTier.DataAccess.csproj", "{1CBDFB7D-383D-42FB-B012-0BD4C4E57125}"
EndProject
Project("{9A19103F-16F7-4668-BE54-9A1E7A4F7556}") = "NTier.UI", "Projects\Architectures\LandscapePattersns\NTier\NTier.UI\NTier.UI.csproj", "{57D2A433-8B57-4460-94D2-A5DD861BC54C}"
EndProject
Project("{9A19103F-16F7-4668-BE54-9A1E7A4F7556}") = "NTier.Logic", "Projects\Architectures\LandscapePattersns\NTier\NTier.Logic\NTier.Logic.csproj", "{B43A422B-57E3-4818-9CF6-C7A1A923E71C}"
EndProject
Project("{2150E333-8FDC-42A3-9474-1A3956D46DE8}") = "Authentication authorization", "Authentication authorization", "{2697FB2E-D3A1-4034-84C9-F5CAB163142D}"
EndProject
Project("{9A19103F-16F7-4668-BE54-9A1E7A4F7556}") = "JWTToken", "Projects\AuthenticationAuthorization\JWTToken\JWTToken.csproj", "{BBB4C258-1D98-4725-BAE0-9B9E782120E9}"
EndProject
Project("{9A19103F-16F7-4668-BE54-9A1E7A4F7556}") = "ApiAuthentication", "Projects\AuthenticationAuthorization\ApiAuthentication\ApiAuthentication.csproj", "{F66A9422-C6FF-4CE6-B54C-262152F66FAA}"
EndProject
Project("{2150E333-8FDC-42A3-9474-1A3956D46DE8}") = "GitHub Notes", "GitHub Notes", "{C419CC8C-DAAA-4A91-852B-BACD61432294}"
	ProjectSection(SolutionItems) = preProject
		README\GitHub Notes\cpp.cpp = README\GitHub Notes\cpp.cpp
		README\GitHub Notes\Blender.cs = README\GitHub Notes\Blender.cs
		README\GitHub Notes\Git.cs = README\GitHub Notes\Git.cs
		README\GitHub Notes\JavaScript.js = README\GitHub Notes\JavaScript.js
		README\Python.py = README\Python.py
		README\GitHub Notes\SQL.cs = README\GitHub Notes\SQL.cs
		README\GitHub Notes\Steam.cs = README\GitHub Notes\Steam.cs
		README\GitHub Notes\TypeScript.ts = README\GitHub Notes\TypeScript.ts
		README\GitHub Notes\uecpp.cpp = README\GitHub Notes\uecpp.cpp
		README\GitHub Notes\vue.js = README\GitHub Notes\vue.js
	EndProjectSection
EndProject
Project("{9A19103F-16F7-4668-BE54-9A1E7A4F7556}") = "ConsoleAppEmpty", "Projects\ConsoleAppEmpty\ConsoleAppEmpty\ConsoleAppEmpty.csproj", "{51C201F6-E531-4737-A11C-2FA50909E013}"
EndProject
Project("{2150E333-8FDC-42A3-9474-1A3956D46DE8}") = "Enum", "Enum", "{7C1507E5-E17D-4225-B9E5-4D63BC33DC61}"
	ProjectSection(SolutionItems) = preProject
		Projects\Architectures\Structure patterns\Event-sourcing\Emum\OrderStatus.cs = Projects\Architectures\Structure patterns\Event-sourcing\Emum\OrderStatus.cs
	EndProjectSection
EndProject
Project("{2150E333-8FDC-42A3-9474-1A3956D46DE8}") = "Events", "Events", "{39A58E64-EF6F-45AF-9834-74410F74DD17}"
	ProjectSection(SolutionItems) = preProject
		Projects\Architectures\Structure patterns\Event-sourcing\Events\OrderCancelledEvent.cs = Projects\Architectures\Structure patterns\Event-sourcing\Events\OrderCancelledEvent.cs
		Projects\Architectures\Structure patterns\Event-sourcing\Events\OrderCreatedEvent.cs = Projects\Architectures\Structure patterns\Event-sourcing\Events\OrderCreatedEvent.cs
	EndProjectSection
EndProject
Project("{2150E333-8FDC-42A3-9474-1A3956D46DE8}") = "EventModel", "EventModel", "{9F751525-114B-43E5-83EC-58CCB9DF5DE7}"
	ProjectSection(SolutionItems) = preProject
		Projects\Architectures\Structure patterns\Event-sourcing\EventModel\Order.cs = Projects\Architectures\Structure patterns\Event-sourcing\EventModel\Order.cs
	EndProjectSection
EndProject
Project("{2150E333-8FDC-42A3-9474-1A3956D46DE8}") = "EventStore", "EventStore", "{91947B61-D1FE-4FF9-AF86-EEE32379334F}"
	ProjectSection(SolutionItems) = preProject
		Projects\Architectures\Structure patterns\Event-sourcing\EventStore\IEventStore.cs = Projects\Architectures\Structure patterns\Event-sourcing\EventStore\IEventStore.cs
		Projects\Architectures\Structure patterns\Event-sourcing\EventStore\InMemoryEventStore.cs = Projects\Architectures\Structure patterns\Event-sourcing\EventStore\InMemoryEventStore.cs
	EndProjectSection
EndProject
Project("{2150E333-8FDC-42A3-9474-1A3956D46DE8}") = "Services", "Services", "{BB6B729D-6888-4111-A1AF-FB50FB5182D2}"
	ProjectSection(SolutionItems) = preProject
		Projects\Architectures\Structure patterns\Event-sourcing\Services\Order.cs = Projects\Architectures\Structure patterns\Event-sourcing\Services\Order.cs
		Projects\Architectures\Structure patterns\Event-sourcing\Services\OrderQueryService.cs = Projects\Architectures\Structure patterns\Event-sourcing\Services\OrderQueryService.cs
		Projects\Architectures\Structure patterns\Event-sourcing\Services\OrderService.cs = Projects\Architectures\Structure patterns\Event-sourcing\Services\OrderService.cs
	EndProjectSection
EndProject
Global
	GlobalSection(SolutionConfigurationPlatforms) = preSolution
		Debug|Any CPU = Debug|Any CPU
		Release|Any CPU = Release|Any CPU
	EndGlobalSection
	GlobalSection(ProjectConfigurationPlatforms) = postSolution
		{852D931A-246C-4406-9432-974BBE28BE20}.Debug|Any CPU.ActiveCfg = Debug|Any CPU
		{852D931A-246C-4406-9432-974BBE28BE20}.Debug|Any CPU.Build.0 = Debug|Any CPU
		{852D931A-246C-4406-9432-974BBE28BE20}.Release|Any CPU.ActiveCfg = Release|Any CPU
		{852D931A-246C-4406-9432-974BBE28BE20}.Release|Any CPU.Build.0 = Release|Any CPU
		{CB1C85F8-7D4F-4619-9B29-177957CA05E2}.Debug|Any CPU.ActiveCfg = Debug|Any CPU
		{CB1C85F8-7D4F-4619-9B29-177957CA05E2}.Debug|Any CPU.Build.0 = Debug|Any CPU
		{CB1C85F8-7D4F-4619-9B29-177957CA05E2}.Release|Any CPU.ActiveCfg = Release|Any CPU
		{CB1C85F8-7D4F-4619-9B29-177957CA05E2}.Release|Any CPU.Build.0 = Release|Any CPU
		{79418C6F-6A3E-4379-AA31-2ED54714CBF4}.Debug|Any CPU.ActiveCfg = Debug|Any CPU
		{79418C6F-6A3E-4379-AA31-2ED54714CBF4}.Debug|Any CPU.Build.0 = Debug|Any CPU
		{79418C6F-6A3E-4379-AA31-2ED54714CBF4}.Release|Any CPU.ActiveCfg = Release|Any CPU
		{79418C6F-6A3E-4379-AA31-2ED54714CBF4}.Release|Any CPU.Build.0 = Release|Any CPU
		{B13A8BCA-E1D5-418D-B6E6-8446F1DCF92A}.Debug|Any CPU.ActiveCfg = Debug|Any CPU
		{B13A8BCA-E1D5-418D-B6E6-8446F1DCF92A}.Debug|Any CPU.Build.0 = Debug|Any CPU
		{B13A8BCA-E1D5-418D-B6E6-8446F1DCF92A}.Release|Any CPU.ActiveCfg = Release|Any CPU
		{B13A8BCA-E1D5-418D-B6E6-8446F1DCF92A}.Release|Any CPU.Build.0 = Release|Any CPU
		{A1959E80-3ACD-4C81-B8EB-C18CA976C116}.Debug|Any CPU.ActiveCfg = Debug|Any CPU
		{A1959E80-3ACD-4C81-B8EB-C18CA976C116}.Debug|Any CPU.Build.0 = Debug|Any CPU
		{A1959E80-3ACD-4C81-B8EB-C18CA976C116}.Release|Any CPU.ActiveCfg = Release|Any CPU
		{A1959E80-3ACD-4C81-B8EB-C18CA976C116}.Release|Any CPU.Build.0 = Release|Any CPU
		{47FC6621-00E1-4F51-8E31-A01BC545EE1E}.Debug|Any CPU.ActiveCfg = Debug|Any CPU
		{47FC6621-00E1-4F51-8E31-A01BC545EE1E}.Debug|Any CPU.Build.0 = Debug|Any CPU
		{47FC6621-00E1-4F51-8E31-A01BC545EE1E}.Release|Any CPU.ActiveCfg = Release|Any CPU
		{47FC6621-00E1-4F51-8E31-A01BC545EE1E}.Release|Any CPU.Build.0 = Release|Any CPU
		{9582B775-8F6F-4730-9C43-24B783FC73BD}.Debug|Any CPU.ActiveCfg = Debug|Any CPU
		{9582B775-8F6F-4730-9C43-24B783FC73BD}.Debug|Any CPU.Build.0 = Debug|Any CPU
		{9582B775-8F6F-4730-9C43-24B783FC73BD}.Release|Any CPU.ActiveCfg = Release|Any CPU
		{9582B775-8F6F-4730-9C43-24B783FC73BD}.Release|Any CPU.Build.0 = Release|Any CPU
		{9C9EEFB3-76D1-4589-A9CB-0F9565A5BE0F}.Debug|Any CPU.ActiveCfg = Debug|Any CPU
		{9C9EEFB3-76D1-4589-A9CB-0F9565A5BE0F}.Debug|Any CPU.Build.0 = Debug|Any CPU
		{9C9EEFB3-76D1-4589-A9CB-0F9565A5BE0F}.Release|Any CPU.ActiveCfg = Release|Any CPU
		{9C9EEFB3-76D1-4589-A9CB-0F9565A5BE0F}.Release|Any CPU.Build.0 = Release|Any CPU
		{40564FC5-B106-4BC5-ADE1-268924B57B8E}.Debug|Any CPU.ActiveCfg = Debug|Any CPU
		{40564FC5-B106-4BC5-ADE1-268924B57B8E}.Debug|Any CPU.Build.0 = Debug|Any CPU
		{40564FC5-B106-4BC5-ADE1-268924B57B8E}.Release|Any CPU.ActiveCfg = Release|Any CPU
		{40564FC5-B106-4BC5-ADE1-268924B57B8E}.Release|Any CPU.Build.0 = Release|Any CPU
		{896F1D2D-36AB-4AE4-A49B-1F7DDF415F85}.Debug|Any CPU.ActiveCfg = Debug|Any CPU
		{896F1D2D-36AB-4AE4-A49B-1F7DDF415F85}.Debug|Any CPU.Build.0 = Debug|Any CPU
		{896F1D2D-36AB-4AE4-A49B-1F7DDF415F85}.Release|Any CPU.ActiveCfg = Release|Any CPU
		{896F1D2D-36AB-4AE4-A49B-1F7DDF415F85}.Release|Any CPU.Build.0 = Release|Any CPU
		{017650FA-9992-477B-92F7-7BFAD493669C}.Debug|Any CPU.ActiveCfg = Debug|Any CPU
		{017650FA-9992-477B-92F7-7BFAD493669C}.Debug|Any CPU.Build.0 = Debug|Any CPU
		{017650FA-9992-477B-92F7-7BFAD493669C}.Release|Any CPU.ActiveCfg = Release|Any CPU
		{017650FA-9992-477B-92F7-7BFAD493669C}.Release|Any CPU.Build.0 = Release|Any CPU
		{7715D0AA-351E-4534-A21D-6AE3339D68C1}.Debug|Any CPU.ActiveCfg = Debug|Any CPU
		{7715D0AA-351E-4534-A21D-6AE3339D68C1}.Debug|Any CPU.Build.0 = Debug|Any CPU
		{7715D0AA-351E-4534-A21D-6AE3339D68C1}.Release|Any CPU.ActiveCfg = Release|Any CPU
		{7715D0AA-351E-4534-A21D-6AE3339D68C1}.Release|Any CPU.Build.0 = Release|Any CPU
		{7B067A26-B380-44D5-81AC-3162DB950D55}.Debug|Any CPU.ActiveCfg = Debug|Any CPU
		{7B067A26-B380-44D5-81AC-3162DB950D55}.Debug|Any CPU.Build.0 = Debug|Any CPU
		{7B067A26-B380-44D5-81AC-3162DB950D55}.Release|Any CPU.ActiveCfg = Release|Any CPU
		{7B067A26-B380-44D5-81AC-3162DB950D55}.Release|Any CPU.Build.0 = Release|Any CPU
		{9E9AEF84-9EE4-44B8-8869-9B17AD4C32A2}.Debug|Any CPU.ActiveCfg = Debug|Any CPU
		{9E9AEF84-9EE4-44B8-8869-9B17AD4C32A2}.Debug|Any CPU.Build.0 = Debug|Any CPU
		{9E9AEF84-9EE4-44B8-8869-9B17AD4C32A2}.Release|Any CPU.ActiveCfg = Release|Any CPU
		{9E9AEF84-9EE4-44B8-8869-9B17AD4C32A2}.Release|Any CPU.Build.0 = Release|Any CPU
		{CCD0BCC1-39F1-454B-841C-1667CB1759C8}.Debug|Any CPU.ActiveCfg = Debug|Any CPU
		{CCD0BCC1-39F1-454B-841C-1667CB1759C8}.Debug|Any CPU.Build.0 = Debug|Any CPU
		{CCD0BCC1-39F1-454B-841C-1667CB1759C8}.Release|Any CPU.ActiveCfg = Release|Any CPU
		{CCD0BCC1-39F1-454B-841C-1667CB1759C8}.Release|Any CPU.Build.0 = Release|Any CPU
		{530473E4-1EC1-45AE-BD54-0AA0A5D211CF}.Debug|Any CPU.ActiveCfg = Debug|Any CPU
		{530473E4-1EC1-45AE-BD54-0AA0A5D211CF}.Debug|Any CPU.Build.0 = Debug|Any CPU
		{530473E4-1EC1-45AE-BD54-0AA0A5D211CF}.Release|Any CPU.ActiveCfg = Release|Any CPU
		{530473E4-1EC1-45AE-BD54-0AA0A5D211CF}.Release|Any CPU.Build.0 = Release|Any CPU
		{1C2680BC-F945-42D1-8126-5C646F5282C1}.Debug|Any CPU.ActiveCfg = Debug|Any CPU
		{1C2680BC-F945-42D1-8126-5C646F5282C1}.Debug|Any CPU.Build.0 = Debug|Any CPU
		{1C2680BC-F945-42D1-8126-5C646F5282C1}.Release|Any CPU.ActiveCfg = Release|Any CPU
		{1C2680BC-F945-42D1-8126-5C646F5282C1}.Release|Any CPU.Build.0 = Release|Any CPU
		{EC8868F3-77C6-4590-87DB-6E3F62AF71CE}.Debug|Any CPU.ActiveCfg = Debug|Any CPU
		{EC8868F3-77C6-4590-87DB-6E3F62AF71CE}.Debug|Any CPU.Build.0 = Debug|Any CPU
		{EC8868F3-77C6-4590-87DB-6E3F62AF71CE}.Release|Any CPU.ActiveCfg = Release|Any CPU
		{EC8868F3-77C6-4590-87DB-6E3F62AF71CE}.Release|Any CPU.Build.0 = Release|Any CPU
		{F0660085-5489-48F7-8A84-5CA825BE1DAC}.Debug|Any CPU.ActiveCfg = Debug|Any CPU
		{F0660085-5489-48F7-8A84-5CA825BE1DAC}.Debug|Any CPU.Build.0 = Debug|Any CPU
		{F0660085-5489-48F7-8A84-5CA825BE1DAC}.Release|Any CPU.ActiveCfg = Release|Any CPU
		{F0660085-5489-48F7-8A84-5CA825BE1DAC}.Release|Any CPU.Build.0 = Release|Any CPU
		{DFA59A77-704F-45EA-B093-F045D4D6F07F}.Debug|Any CPU.ActiveCfg = Debug|Any CPU
		{DFA59A77-704F-45EA-B093-F045D4D6F07F}.Debug|Any CPU.Build.0 = Debug|Any CPU
		{DFA59A77-704F-45EA-B093-F045D4D6F07F}.Release|Any CPU.ActiveCfg = Release|Any CPU
		{DFA59A77-704F-45EA-B093-F045D4D6F07F}.Release|Any CPU.Build.0 = Release|Any CPU
		{1CBDFB7D-383D-42FB-B012-0BD4C4E57125}.Debug|Any CPU.ActiveCfg = Debug|Any CPU
		{1CBDFB7D-383D-42FB-B012-0BD4C4E57125}.Debug|Any CPU.Build.0 = Debug|Any CPU
		{1CBDFB7D-383D-42FB-B012-0BD4C4E57125}.Release|Any CPU.ActiveCfg = Release|Any CPU
		{1CBDFB7D-383D-42FB-B012-0BD4C4E57125}.Release|Any CPU.Build.0 = Release|Any CPU
		{57D2A433-8B57-4460-94D2-A5DD861BC54C}.Debug|Any CPU.ActiveCfg = Debug|Any CPU
		{57D2A433-8B57-4460-94D2-A5DD861BC54C}.Debug|Any CPU.Build.0 = Debug|Any CPU
		{57D2A433-8B57-4460-94D2-A5DD861BC54C}.Release|Any CPU.ActiveCfg = Release|Any CPU
		{57D2A433-8B57-4460-94D2-A5DD861BC54C}.Release|Any CPU.Build.0 = Release|Any CPU
		{B43A422B-57E3-4818-9CF6-C7A1A923E71C}.Debug|Any CPU.ActiveCfg = Debug|Any CPU
		{B43A422B-57E3-4818-9CF6-C7A1A923E71C}.Debug|Any CPU.Build.0 = Debug|Any CPU
		{B43A422B-57E3-4818-9CF6-C7A1A923E71C}.Release|Any CPU.ActiveCfg = Release|Any CPU
		{B43A422B-57E3-4818-9CF6-C7A1A923E71C}.Release|Any CPU.Build.0 = Release|Any CPU
		{BBB4C258-1D98-4725-BAE0-9B9E782120E9}.Debug|Any CPU.ActiveCfg = Debug|Any CPU
		{BBB4C258-1D98-4725-BAE0-9B9E782120E9}.Debug|Any CPU.Build.0 = Debug|Any CPU
		{BBB4C258-1D98-4725-BAE0-9B9E782120E9}.Release|Any CPU.ActiveCfg = Release|Any CPU
		{BBB4C258-1D98-4725-BAE0-9B9E782120E9}.Release|Any CPU.Build.0 = Release|Any CPU
		{F66A9422-C6FF-4CE6-B54C-262152F66FAA}.Debug|Any CPU.ActiveCfg = Debug|Any CPU
		{F66A9422-C6FF-4CE6-B54C-262152F66FAA}.Debug|Any CPU.Build.0 = Debug|Any CPU
		{F66A9422-C6FF-4CE6-B54C-262152F66FAA}.Release|Any CPU.ActiveCfg = Release|Any CPU
		{F66A9422-C6FF-4CE6-B54C-262152F66FAA}.Release|Any CPU.Build.0 = Release|Any CPU
		{51C201F6-E531-4737-A11C-2FA50909E013}.Debug|Any CPU.ActiveCfg = Debug|Any CPU
		{51C201F6-E531-4737-A11C-2FA50909E013}.Debug|Any CPU.Build.0 = Debug|Any CPU
		{51C201F6-E531-4737-A11C-2FA50909E013}.Release|Any CPU.ActiveCfg = Release|Any CPU
		{51C201F6-E531-4737-A11C-2FA50909E013}.Release|Any CPU.Build.0 = Release|Any CPU
	EndGlobalSection
	GlobalSection(SolutionProperties) = preSolution
		HideSolutionNode = FALSE
	EndGlobalSection
	GlobalSection(NestedProjects) = preSolution
		{B1C553D4-E33D-4386-A372-AAB2C49EBB81} = {CDAB7265-4FD9-45DF-BF0A-92B75925F4A3}
		{F302F9D6-70F9-4324-8642-9F5E165DE9A9} = {CDAB7265-4FD9-45DF-BF0A-92B75925F4A3}
		{B88D7078-B5ED-4F82-B857-30A37EF3A1CC} = {F302F9D6-70F9-4324-8642-9F5E165DE9A9}
		{CB1C85F8-7D4F-4619-9B29-177957CA05E2} = {B88D7078-B5ED-4F82-B857-30A37EF3A1CC}
		{79418C6F-6A3E-4379-AA31-2ED54714CBF4} = {B88D7078-B5ED-4F82-B857-30A37EF3A1CC}
		{B13A8BCA-E1D5-418D-B6E6-8446F1DCF92A} = {B88D7078-B5ED-4F82-B857-30A37EF3A1CC}
		{A1959E80-3ACD-4C81-B8EB-C18CA976C116} = {B88D7078-B5ED-4F82-B857-30A37EF3A1CC}
		{47FC6621-00E1-4F51-8E31-A01BC545EE1E} = {B88D7078-B5ED-4F82-B857-30A37EF3A1CC}
		{9582B775-8F6F-4730-9C43-24B783FC73BD} = {F302F9D6-70F9-4324-8642-9F5E165DE9A9}
		{5CBF09C7-1A70-4E85-81A7-FD41EE5D1730} = {F302F9D6-70F9-4324-8642-9F5E165DE9A9}
		{38E08807-7B4E-4FE8-B7C6-94C3B141C097} = {F302F9D6-70F9-4324-8642-9F5E165DE9A9}
		{ED634A92-CECD-4EA3-99D7-5200CC491D0A} = {CDAB7265-4FD9-45DF-BF0A-92B75925F4A3}
		{7E4AD127-D305-432E-B5F8-93E203A7AE31} = {ED634A92-CECD-4EA3-99D7-5200CC491D0A}
		{218BB8D8-52ED-4E74-9D73-A649CD5A6621} = {ED634A92-CECD-4EA3-99D7-5200CC491D0A}
		{9C9EEFB3-76D1-4589-A9CB-0F9565A5BE0F} = {38E08807-7B4E-4FE8-B7C6-94C3B141C097}
		{40564FC5-B106-4BC5-ADE1-268924B57B8E} = {38E08807-7B4E-4FE8-B7C6-94C3B141C097}
		{896F1D2D-36AB-4AE4-A49B-1F7DDF415F85} = {B1C553D4-E33D-4386-A372-AAB2C49EBB81}
		{C70FEA3E-C589-4F13-93A2-CF31526D0233} = {ED634A92-CECD-4EA3-99D7-5200CC491D0A}
		{71E45AE7-2C67-4BF9-BB2F-B383E17CE477} = {ED634A92-CECD-4EA3-99D7-5200CC491D0A}
		{D90D753F-7E1C-4ECF-AFA9-21F9B793664B} = {ED634A92-CECD-4EA3-99D7-5200CC491D0A}
		{EE7CDAD3-E1EF-4FF9-8D81-0D8A9551D9C5} = {F302F9D6-70F9-4324-8642-9F5E165DE9A9}
		{026F1372-EE29-4A21-B185-8D0C0E3FC548} = {F302F9D6-70F9-4324-8642-9F5E165DE9A9}
		{017650FA-9992-477B-92F7-7BFAD493669C} = {B1C553D4-E33D-4386-A372-AAB2C49EBB81}
		{7715D0AA-351E-4534-A21D-6AE3339D68C1} = {B1C553D4-E33D-4386-A372-AAB2C49EBB81}
		{F1817D3E-72CE-4AD5-9327-EF7512DD0270} = {CDAB7265-4FD9-45DF-BF0A-92B75925F4A3}
		{71EC422F-84F3-45EA-8DAC-D4864AF968BB} = {F1817D3E-72CE-4AD5-9327-EF7512DD0270}
		{0650A5F5-6367-48A9-9535-65CEE886E64B} = {F1817D3E-72CE-4AD5-9327-EF7512DD0270}
		{96D3E0E3-22EC-47AF-8891-274CAFD415CC} = {71EC422F-84F3-45EA-8DAC-D4864AF968BB}
		{486D0DD5-CBD7-4C13-86C5-D68FD8BECE75} = {0650A5F5-6367-48A9-9535-65CEE886E64B}
		{B06F5EC4-B38B-49E5-BF9D-08F147C22FF2} = {0650A5F5-6367-48A9-9535-65CEE886E64B}
		{DB092510-2BD3-4622-B307-628C9B3099B7} = {0650A5F5-6367-48A9-9535-65CEE886E64B}
		{7B067A26-B380-44D5-81AC-3162DB950D55} = {71EC422F-84F3-45EA-8DAC-D4864AF968BB}
		{9E9AEF84-9EE4-44B8-8869-9B17AD4C32A2} = {71EC422F-84F3-45EA-8DAC-D4864AF968BB}
		{CCD0BCC1-39F1-454B-841C-1667CB1759C8} = {85A60D9C-BA1E-4B75-B6AD-83BA71310F3D}
		{530473E4-1EC1-45AE-BD54-0AA0A5D211CF} = {85A60D9C-BA1E-4B75-B6AD-83BA71310F3D}
		{1C2680BC-F945-42D1-8126-5C646F5282C1} = {7E4AD127-D305-432E-B5F8-93E203A7AE31}
		{EC8868F3-77C6-4590-87DB-6E3F62AF71CE} = {7E4AD127-D305-432E-B5F8-93E203A7AE31}
		{F0660085-5489-48F7-8A84-5CA825BE1DAC} = {7E4AD127-D305-432E-B5F8-93E203A7AE31}
		{DFA59A77-704F-45EA-B093-F045D4D6F07F} = {7E4AD127-D305-432E-B5F8-93E203A7AE31}
		{1CBDFB7D-383D-42FB-B012-0BD4C4E57125} = {5CBF09C7-1A70-4E85-81A7-FD41EE5D1730}
		{57D2A433-8B57-4460-94D2-A5DD861BC54C} = {5CBF09C7-1A70-4E85-81A7-FD41EE5D1730}
		{B43A422B-57E3-4818-9CF6-C7A1A923E71C} = {5CBF09C7-1A70-4E85-81A7-FD41EE5D1730}
		{BBB4C258-1D98-4725-BAE0-9B9E782120E9} = {2697FB2E-D3A1-4034-84C9-F5CAB163142D}
		{F66A9422-C6FF-4CE6-B54C-262152F66FAA} = {2697FB2E-D3A1-4034-84C9-F5CAB163142D}
		{C419CC8C-DAAA-4A91-852B-BACD61432294} = {D6A9D2BF-E7D7-48C7-9A54-96DF1DA52523}
		{7C1507E5-E17D-4225-B9E5-4D63BC33DC61} = {71E45AE7-2C67-4BF9-BB2F-B383E17CE477}
		{39A58E64-EF6F-45AF-9834-74410F74DD17} = {71E45AE7-2C67-4BF9-BB2F-B383E17CE477}
		{9F751525-114B-43E5-83EC-58CCB9DF5DE7} = {71E45AE7-2C67-4BF9-BB2F-B383E17CE477}
		{91947B61-D1FE-4FF9-AF86-EEE32379334F} = {71E45AE7-2C67-4BF9-BB2F-B383E17CE477}
		{BB6B729D-6888-4111-A1AF-FB50FB5182D2} = {71E45AE7-2C67-4BF9-BB2F-B383E17CE477}
	EndGlobalSection
	GlobalSection(ExtensibilityGlobals) = postSolution
		SolutionGuid = {5C3FE8DB-917F-412C-81A3-E5F87D993B11}
	EndGlobalSection
EndGlobal
