
Microsoft Visual Studio Solution File, Format Version 12.00
# Visual Studio Version 16
VisualStudioVersion = 16.0.31105.61
MinimumVisualStudioVersion = 10.0.40219.1
Project("{9A19103F-16F7-4668-BE54-9A1E7A4F7556}") = "Education", "Education\Education.csproj", "{88AB7DCE-BB79-4427-A373-8DAFBACF1A9E}"
EndProject
Project("{9A19103F-16F7-4668-BE54-9A1E7A4F7556}") = "Api", "Api\Api.csproj", "{78C8B6A8-E3EB-45E4-8C33-AE0801E14919}"
EndProject
Project("{9A19103F-16F7-4668-BE54-9A1E7A4F7556}") = "Docker_", "DockerEdu\Docker_.csproj", "{F33F5DFC-6AE8-48C0-95FC-B84467BD195F}"
EndProject
Project("{FAE04EC0-301F-11D3-BF4B-00C04F79EFBC}") = "WebForms", "WebForms\WebForms.csproj", "{6343F72B-4525-47CF-B661-5AE75570300F}"
EndProject
Project("{9A19103F-16F7-4668-BE54-9A1E7A4F7556}") = "OpenClosedPrinciple", "OpenClosedPrinciple\OpenClosedPrinciple.csproj", "{72F1FDCD-C724-4A00-8C37-24356EA519EF}"
EndProject
Project("{2150E333-8FDC-42A3-9474-1A3956D46DE8}") = "Azure Microservices .Net Core", "Azure Microservices .Net Core", "{556798F8-875D-4E5C-9918-720F4CCF648D}"
	ProjectSection(SolutionItems) = preProject
		Readme.ECommerce.txt = Readme.ECommerce.txt
	EndProjectSection
EndProject
Project("{9A19103F-16F7-4668-BE54-9A1E7A4F7556}") = "ECommerce.Api.Products", "ECommerce.Api.Products\ECommerce.Api.Products.csproj", "{86942840-35BE-42FB-907D-FF2DCDE047C3}"
EndProject
Project("{9A19103F-16F7-4668-BE54-9A1E7A4F7556}") = "ECommerce.Api.Customers", "ECommerce.Api.Customers\ECommerce.Api.Customers.csproj", "{31388B8A-6A75-4275-B3D3-0D442C6CB8C2}"
EndProject
Project("{9A19103F-16F7-4668-BE54-9A1E7A4F7556}") = "ECommerce.Api.Orders", "ECommerce.Api.Orders\ECommerce.Api.Orders.csproj", "{5006A7F7-D3ED-4082-9E46-F60725208CB0}"
EndProject
Project("{9A19103F-16F7-4668-BE54-9A1E7A4F7556}") = "ECommerce.Api.Search", "ECommerce.Api.Search\ECommerce.Api.Search.csproj", "{FD076F21-3E97-441F-829E-75220CBE5C4B}"
EndProject
Project("{2150E333-8FDC-42A3-9474-1A3956D46DE8}") = "Tests", "Tests", "{FD95EBE2-9C18-4E16-B98F-9025DAB9D703}"
EndProject
Project("{9A19103F-16F7-4668-BE54-9A1E7A4F7556}") = "ECommerce.Api.Products.Tests", "ECommerce.Api.Products.Tests\ECommerce.Api.Products.Tests.csproj", "{BB4C97B7-31F7-4AE3-B8E2-93ABDFB0BA13}"
EndProject
Project("{E53339B2-1760-4266-BCC7-CA923CBCF16C}") = "docker-compose", "docker-compose.dcproj", "{F6C753F9-0D44-4740-9245-B848553A1650}"
EndProject
Project("{FAE04EC0-301F-11D3-BF4B-00C04F79EFBC}") = "HPlus.Ecommerce", "HPlus.Ecommerce\HPlus.Ecommerce.csproj", "{54257F53-A393-4D7E-8D94-49F42E168FD5}"
EndProject
Project("{2150E333-8FDC-42A3-9474-1A3956D46DE8}") = "ASP.NET MVC", "ASP.NET MVC", "{67F0D685-530E-4079-8ACF-A7DABF556691}"
EndProject
Project("{2150E333-8FDC-42A3-9474-1A3956D46DE8}") = "Web APIs with ASP.NET Core", "Web APIs with ASP.NET Core", "{A5CAF8A6-D77A-4984-A721-6F3A5DFE5BC0}"
EndProject
Project("{9A19103F-16F7-4668-BE54-9A1E7A4F7556}") = "WebApiNetCore", "WebApiNetCore\WebApiNetCore.csproj", "{AA86C91A-5A80-43F5-9914-D110A4D85333}"
EndProject
Project("{9A19103F-16F7-4668-BE54-9A1E7A4F7556}") = "SecuringApi", "SecuringApi\SecuringApi.csproj", "{5656989F-2A29-4F77-91F8-4B19FD903943}"
EndProject
Project("{9A19103F-16F7-4668-BE54-9A1E7A4F7556}") = "IdentityServer", "IdentityServer\IdentityServer.csproj", "{95D61A57-08CC-403A-9910-308685A17A57}"
EndProject
Project("{2150E333-8FDC-42A3-9474-1A3956D46DE8}") = "Securing REST API in ASP.NET Core", "Securing REST API in ASP.NET Core", "{9CA2EEF3-A7A7-4557-9D95-48BDCDBC5987}"
EndProject
Project("{9A19103F-16F7-4668-BE54-9A1E7A4F7556}") = "SecuringRestApiAspNetCore", "SecuringRestApiAspNetCore\SecuringRestApiAspNetCore.csproj", "{6D8CF411-0773-4B16-9CD7-C341CB35EF14}"
EndProject
Project("{9A19103F-16F7-4668-BE54-9A1E7A4F7556}") = "ConsoleApp", "ConsoleApp\ConsoleApp.csproj", "{250B600F-718D-466A-A100-B1A7B2CF5F6D}"
EndProject
Project("{2150E333-8FDC-42A3-9474-1A3956D46DE8}") = "Razor Pages", "Razor Pages", "{F75523A6-D76A-4A95-B323-4C075BCE869C}"
EndProject
Project("{9A19103F-16F7-4668-BE54-9A1E7A4F7556}") = "RazorPages", "RazorPages\RazorPages.csproj", "{7386EE42-C05C-4EFC-AA59-8453F1AD2D3A}"
EndProject
Project("{2150E333-8FDC-42A3-9474-1A3956D46DE8}") = "ASP.NET Core MVC", "ASP.NET Core MVC", "{0A023848-9E77-428D-806F-CB6C9AAAF5E2}"
EndProject
Project("{FAE04EC0-301F-11D3-BF4B-00C04F79EFBC}") = "AspNetCoreMvc", "AspNetCoreMvc\AspNetCoreMvc.csproj", "{388D6760-1169-4C60-AEF7-18232A53B3AD}"
EndProject
Global
	GlobalSection(SolutionConfigurationPlatforms) = preSolution
		Debug|Any CPU = Debug|Any CPU
		Release|Any CPU = Release|Any CPU
	EndGlobalSection
	GlobalSection(ProjectConfigurationPlatforms) = postSolution
		{88AB7DCE-BB79-4427-A373-8DAFBACF1A9E}.Debug|Any CPU.ActiveCfg = Debug|Any CPU
		{88AB7DCE-BB79-4427-A373-8DAFBACF1A9E}.Debug|Any CPU.Build.0 = Debug|Any CPU
		{88AB7DCE-BB79-4427-A373-8DAFBACF1A9E}.Release|Any CPU.ActiveCfg = Release|Any CPU
		{88AB7DCE-BB79-4427-A373-8DAFBACF1A9E}.Release|Any CPU.Build.0 = Release|Any CPU
		{78C8B6A8-E3EB-45E4-8C33-AE0801E14919}.Debug|Any CPU.ActiveCfg = Debug|Any CPU
		{78C8B6A8-E3EB-45E4-8C33-AE0801E14919}.Debug|Any CPU.Build.0 = Debug|Any CPU
		{78C8B6A8-E3EB-45E4-8C33-AE0801E14919}.Release|Any CPU.ActiveCfg = Release|Any CPU
		{78C8B6A8-E3EB-45E4-8C33-AE0801E14919}.Release|Any CPU.Build.0 = Release|Any CPU
		{F33F5DFC-6AE8-48C0-95FC-B84467BD195F}.Debug|Any CPU.ActiveCfg = Debug|Any CPU
		{F33F5DFC-6AE8-48C0-95FC-B84467BD195F}.Debug|Any CPU.Build.0 = Debug|Any CPU
		{F33F5DFC-6AE8-48C0-95FC-B84467BD195F}.Release|Any CPU.ActiveCfg = Release|Any CPU
		{F33F5DFC-6AE8-48C0-95FC-B84467BD195F}.Release|Any CPU.Build.0 = Release|Any CPU
		{6343F72B-4525-47CF-B661-5AE75570300F}.Debug|Any CPU.ActiveCfg = Debug|Any CPU
		{6343F72B-4525-47CF-B661-5AE75570300F}.Debug|Any CPU.Build.0 = Debug|Any CPU
		{6343F72B-4525-47CF-B661-5AE75570300F}.Release|Any CPU.ActiveCfg = Release|Any CPU
		{6343F72B-4525-47CF-B661-5AE75570300F}.Release|Any CPU.Build.0 = Release|Any CPU
		{72F1FDCD-C724-4A00-8C37-24356EA519EF}.Debug|Any CPU.ActiveCfg = Debug|Any CPU
		{72F1FDCD-C724-4A00-8C37-24356EA519EF}.Debug|Any CPU.Build.0 = Debug|Any CPU
		{72F1FDCD-C724-4A00-8C37-24356EA519EF}.Release|Any CPU.ActiveCfg = Release|Any CPU
		{72F1FDCD-C724-4A00-8C37-24356EA519EF}.Release|Any CPU.Build.0 = Release|Any CPU
		{86942840-35BE-42FB-907D-FF2DCDE047C3}.Debug|Any CPU.ActiveCfg = Debug|Any CPU
		{86942840-35BE-42FB-907D-FF2DCDE047C3}.Debug|Any CPU.Build.0 = Debug|Any CPU
		{86942840-35BE-42FB-907D-FF2DCDE047C3}.Release|Any CPU.ActiveCfg = Release|Any CPU
		{86942840-35BE-42FB-907D-FF2DCDE047C3}.Release|Any CPU.Build.0 = Release|Any CPU
		{31388B8A-6A75-4275-B3D3-0D442C6CB8C2}.Debug|Any CPU.ActiveCfg = Debug|Any CPU
		{31388B8A-6A75-4275-B3D3-0D442C6CB8C2}.Debug|Any CPU.Build.0 = Debug|Any CPU
		{31388B8A-6A75-4275-B3D3-0D442C6CB8C2}.Release|Any CPU.ActiveCfg = Release|Any CPU
		{31388B8A-6A75-4275-B3D3-0D442C6CB8C2}.Release|Any CPU.Build.0 = Release|Any CPU
		{5006A7F7-D3ED-4082-9E46-F60725208CB0}.Debug|Any CPU.ActiveCfg = Debug|Any CPU
		{5006A7F7-D3ED-4082-9E46-F60725208CB0}.Debug|Any CPU.Build.0 = Debug|Any CPU
		{5006A7F7-D3ED-4082-9E46-F60725208CB0}.Release|Any CPU.ActiveCfg = Release|Any CPU
		{5006A7F7-D3ED-4082-9E46-F60725208CB0}.Release|Any CPU.Build.0 = Release|Any CPU
		{FD076F21-3E97-441F-829E-75220CBE5C4B}.Debug|Any CPU.ActiveCfg = Debug|Any CPU
		{FD076F21-3E97-441F-829E-75220CBE5C4B}.Debug|Any CPU.Build.0 = Debug|Any CPU
		{FD076F21-3E97-441F-829E-75220CBE5C4B}.Release|Any CPU.ActiveCfg = Release|Any CPU
		{FD076F21-3E97-441F-829E-75220CBE5C4B}.Release|Any CPU.Build.0 = Release|Any CPU
		{BB4C97B7-31F7-4AE3-B8E2-93ABDFB0BA13}.Debug|Any CPU.ActiveCfg = Debug|Any CPU
		{BB4C97B7-31F7-4AE3-B8E2-93ABDFB0BA13}.Debug|Any CPU.Build.0 = Debug|Any CPU
		{BB4C97B7-31F7-4AE3-B8E2-93ABDFB0BA13}.Release|Any CPU.ActiveCfg = Release|Any CPU
		{BB4C97B7-31F7-4AE3-B8E2-93ABDFB0BA13}.Release|Any CPU.Build.0 = Release|Any CPU
		{F6C753F9-0D44-4740-9245-B848553A1650}.Debug|Any CPU.ActiveCfg = Debug|Any CPU
		{F6C753F9-0D44-4740-9245-B848553A1650}.Debug|Any CPU.Build.0 = Debug|Any CPU
		{F6C753F9-0D44-4740-9245-B848553A1650}.Release|Any CPU.ActiveCfg = Release|Any CPU
		{F6C753F9-0D44-4740-9245-B848553A1650}.Release|Any CPU.Build.0 = Release|Any CPU
		{54257F53-A393-4D7E-8D94-49F42E168FD5}.Debug|Any CPU.ActiveCfg = Debug|Any CPU
		{54257F53-A393-4D7E-8D94-49F42E168FD5}.Debug|Any CPU.Build.0 = Debug|Any CPU
		{54257F53-A393-4D7E-8D94-49F42E168FD5}.Release|Any CPU.ActiveCfg = Release|Any CPU
		{54257F53-A393-4D7E-8D94-49F42E168FD5}.Release|Any CPU.Build.0 = Release|Any CPU
		{AA86C91A-5A80-43F5-9914-D110A4D85333}.Debug|Any CPU.ActiveCfg = Debug|Any CPU
		{AA86C91A-5A80-43F5-9914-D110A4D85333}.Debug|Any CPU.Build.0 = Debug|Any CPU
		{AA86C91A-5A80-43F5-9914-D110A4D85333}.Release|Any CPU.ActiveCfg = Release|Any CPU
		{AA86C91A-5A80-43F5-9914-D110A4D85333}.Release|Any CPU.Build.0 = Release|Any CPU
		{5656989F-2A29-4F77-91F8-4B19FD903943}.Debug|Any CPU.ActiveCfg = Debug|Any CPU
		{5656989F-2A29-4F77-91F8-4B19FD903943}.Debug|Any CPU.Build.0 = Debug|Any CPU
		{5656989F-2A29-4F77-91F8-4B19FD903943}.Release|Any CPU.ActiveCfg = Release|Any CPU
		{5656989F-2A29-4F77-91F8-4B19FD903943}.Release|Any CPU.Build.0 = Release|Any CPU
		{95D61A57-08CC-403A-9910-308685A17A57}.Debug|Any CPU.ActiveCfg = Debug|Any CPU
		{95D61A57-08CC-403A-9910-308685A17A57}.Debug|Any CPU.Build.0 = Debug|Any CPU
		{95D61A57-08CC-403A-9910-308685A17A57}.Release|Any CPU.ActiveCfg = Release|Any CPU
		{95D61A57-08CC-403A-9910-308685A17A57}.Release|Any CPU.Build.0 = Release|Any CPU
		{6D8CF411-0773-4B16-9CD7-C341CB35EF14}.Debug|Any CPU.ActiveCfg = Debug|Any CPU
		{6D8CF411-0773-4B16-9CD7-C341CB35EF14}.Debug|Any CPU.Build.0 = Debug|Any CPU
		{6D8CF411-0773-4B16-9CD7-C341CB35EF14}.Release|Any CPU.ActiveCfg = Release|Any CPU
		{6D8CF411-0773-4B16-9CD7-C341CB35EF14}.Release|Any CPU.Build.0 = Release|Any CPU
		{250B600F-718D-466A-A100-B1A7B2CF5F6D}.Debug|Any CPU.ActiveCfg = Debug|Any CPU
		{250B600F-718D-466A-A100-B1A7B2CF5F6D}.Debug|Any CPU.Build.0 = Debug|Any CPU
		{250B600F-718D-466A-A100-B1A7B2CF5F6D}.Release|Any CPU.ActiveCfg = Release|Any CPU
		{250B600F-718D-466A-A100-B1A7B2CF5F6D}.Release|Any CPU.Build.0 = Release|Any CPU
		{7386EE42-C05C-4EFC-AA59-8453F1AD2D3A}.Debug|Any CPU.ActiveCfg = Debug|Any CPU
		{7386EE42-C05C-4EFC-AA59-8453F1AD2D3A}.Debug|Any CPU.Build.0 = Debug|Any CPU
		{7386EE42-C05C-4EFC-AA59-8453F1AD2D3A}.Release|Any CPU.ActiveCfg = Release|Any CPU
		{7386EE42-C05C-4EFC-AA59-8453F1AD2D3A}.Release|Any CPU.Build.0 = Release|Any CPU
		{388D6760-1169-4C60-AEF7-18232A53B3AD}.Debug|Any CPU.ActiveCfg = Debug|Any CPU
		{388D6760-1169-4C60-AEF7-18232A53B3AD}.Debug|Any CPU.Build.0 = Debug|Any CPU
		{388D6760-1169-4C60-AEF7-18232A53B3AD}.Release|Any CPU.ActiveCfg = Release|Any CPU
		{388D6760-1169-4C60-AEF7-18232A53B3AD}.Release|Any CPU.Build.0 = Release|Any CPU
	EndGlobalSection
	GlobalSection(SolutionProperties) = preSolution
		HideSolutionNode = FALSE
	EndGlobalSection
	GlobalSection(NestedProjects) = preSolution
		{86942840-35BE-42FB-907D-FF2DCDE047C3} = {556798F8-875D-4E5C-9918-720F4CCF648D}
		{31388B8A-6A75-4275-B3D3-0D442C6CB8C2} = {556798F8-875D-4E5C-9918-720F4CCF648D}
		{5006A7F7-D3ED-4082-9E46-F60725208CB0} = {556798F8-875D-4E5C-9918-720F4CCF648D}
		{FD076F21-3E97-441F-829E-75220CBE5C4B} = {556798F8-875D-4E5C-9918-720F4CCF648D}
		{FD95EBE2-9C18-4E16-B98F-9025DAB9D703} = {556798F8-875D-4E5C-9918-720F4CCF648D}
		{BB4C97B7-31F7-4AE3-B8E2-93ABDFB0BA13} = {FD95EBE2-9C18-4E16-B98F-9025DAB9D703}
		{54257F53-A393-4D7E-8D94-49F42E168FD5} = {67F0D685-530E-4079-8ACF-A7DABF556691}
		{AA86C91A-5A80-43F5-9914-D110A4D85333} = {A5CAF8A6-D77A-4984-A721-6F3A5DFE5BC0}
		{5656989F-2A29-4F77-91F8-4B19FD903943} = {A5CAF8A6-D77A-4984-A721-6F3A5DFE5BC0}
		{95D61A57-08CC-403A-9910-308685A17A57} = {A5CAF8A6-D77A-4984-A721-6F3A5DFE5BC0}
		{6D8CF411-0773-4B16-9CD7-C341CB35EF14} = {9CA2EEF3-A7A7-4557-9D95-48BDCDBC5987}
		{7386EE42-C05C-4EFC-AA59-8453F1AD2D3A} = {F75523A6-D76A-4A95-B323-4C075BCE869C}
		{388D6760-1169-4C60-AEF7-18232A53B3AD} = {0A023848-9E77-428D-806F-CB6C9AAAF5E2}
	EndGlobalSection
	GlobalSection(ExtensibilityGlobals) = postSolution
		SolutionGuid = {5AE5567B-132F-41EB-9B19-4C88A4042D29}
	EndGlobalSection
EndGlobal
