
Microsoft Visual Studio Solution File, Format Version 12.00
# Visual Studio Version 16
VisualStudioVersion = 16.0.31105.61
MinimumVisualStudioVersion = 10.0.40219.1
Project("{9A19103F-16F7-4668-BE54-9A1E7A4F7556}") = "Education", "Education\Education.csproj", "{88AB7DCE-BB79-4427-A373-8DAFBACF1A9E}"
EndProject
Project("{9A19103F-16F7-4668-BE54-9A1E7A4F7556}") = "Api", "Api\Api.csproj", "{78C8B6A8-E3EB-45E4-8C33-AE0801E14919}"
EndProject
Project("{9A19103F-16F7-4668-BE54-9A1E7A4F7556}") = "Docker_", "DockerEdu\Docker_.csproj", "{F33F5DFC-6AE8-48C0-95FC-B84467BD195F}"
EndProject
Project("{FAE04EC0-301F-11D3-BF4B-00C04F79EFBC}") = "WebForms", "WebForms\WebForms.csproj", "{6343F72B-4525-47CF-B661-5AE75570300F}"
EndProject
Project("{9A19103F-16F7-4668-BE54-9A1E7A4F7556}") = "OpenClosedPrinciple", "OpenClosedPrinciple\OpenClosedPrinciple.csproj", "{72F1FDCD-C724-4A00-8C37-24356EA519EF}"
EndProject
Project("{2150E333-8FDC-42A3-9474-1A3956D46DE8}") = "Azure Microservices .Net Core", "Azure Microservices .Net Core", "{556798F8-875D-4E5C-9918-720F4CCF648D}"
	ProjectSection(SolutionItems) = preProject
		Readme.ECommerce.txt = Readme.ECommerce.txt
	EndProjectSection
EndProject
Project("{9A19103F-16F7-4668-BE54-9A1E7A4F7556}") = "ECommerce.Api.Products", "ECommerce.Api.Products\ECommerce.Api.Products.csproj", "{86942840-35BE-42FB-907D-FF2DCDE047C3}"
EndProject
Project("{9A19103F-16F7-4668-BE54-9A1E7A4F7556}") = "ECommerce.Api.Customers", "ECommerce.Api.Customers\ECommerce.Api.Customers.csproj", "{31388B8A-6A75-4275-B3D3-0D442C6CB8C2}"
EndProject
Project("{9A19103F-16F7-4668-BE54-9A1E7A4F7556}") = "ECommerce.Api.Orders", "ECommerce.Api.Orders\ECommerce.Api.Orders.csproj", "{5006A7F7-D3ED-4082-9E46-F60725208CB0}"
EndProject
Project("{9A19103F-16F7-4668-BE54-9A1E7A4F7556}") = "ECommerce.Api.Search", "ECommerce.Api.Search\ECommerce.Api.Search.csproj", "{FD076F21-3E97-441F-829E-75220CBE5C4B}"
EndProject
Project("{2150E333-8FDC-42A3-9474-1A3956D46DE8}") = "Tests", "Tests", "{FD95EBE2-9C18-4E16-B98F-9025DAB9D703}"
EndProject
Project("{9A19103F-16F7-4668-BE54-9A1E7A4F7556}") = "ECommerce.Api.Products.Tests", "ECommerce.Api.Products.Tests\ECommerce.Api.Products.Tests.csproj", "{BB4C97B7-31F7-4AE3-B8E2-93ABDFB0BA13}"
EndProject
Project("{E53339B2-1760-4266-BCC7-CA923CBCF16C}") = "docker-compose", "docker-compose.dcproj", "{F6C753F9-0D44-4740-9245-B848553A1650}"
EndProject
Project("{FAE04EC0-301F-11D3-BF4B-00C04F79EFBC}") = "HPlus.Ecommerce", "HPlus.Ecommerce\HPlus.Ecommerce.csproj", "{54257F53-A393-4D7E-8D94-49F42E168FD5}"
EndProject
Project("{2150E333-8FDC-42A3-9474-1A3956D46DE8}") = "ASP.NET MVC", "ASP.NET MVC", "{67F0D685-530E-4079-8ACF-A7DABF556691}"
EndProject
Project("{2150E333-8FDC-42A3-9474-1A3956D46DE8}") = "Web APIs with ASP.NET Core", "Web APIs with ASP.NET Core", "{A5CAF8A6-D77A-4984-A721-6F3A5DFE5BC0}"
EndProject
Project("{9A19103F-16F7-4668-BE54-9A1E7A4F7556}") = "WebApiNetCore", "WebApiNetCore\WebApiNetCore.csproj", "{AA86C91A-5A80-43F5-9914-D110A4D85333}"
EndProject
Project("{9A19103F-16F7-4668-BE54-9A1E7A4F7556}") = "SecuringApi", "SecuringApi\SecuringApi.csproj", "{5656989F-2A29-4F77-91F8-4B19FD903943}"
EndProject
Project("{9A19103F-16F7-4668-BE54-9A1E7A4F7556}") = "IdentityServer", "IdentityServer\IdentityServer.csproj", "{95D61A57-08CC-403A-9910-308685A17A57}"
EndProject
Project("{2150E333-8FDC-42A3-9474-1A3956D46DE8}") = "Securing REST API in ASP.NET Core", "Securing REST API in ASP.NET Core", "{9CA2EEF3-A7A7-4557-9D95-48BDCDBC5987}"
EndProject
Project("{9A19103F-16F7-4668-BE54-9A1E7A4F7556}") = "SecuringRestApiAspNetCore", "SecuringRestApiAspNetCore\SecuringRestApiAspNetCore.csproj", "{6D8CF411-0773-4B16-9CD7-C341CB35EF14}"
EndProject
Project("{9A19103F-16F7-4668-BE54-9A1E7A4F7556}") = "ConsoleApp", "ConsoleApp\ConsoleApp.csproj", "{250B600F-718D-466A-A100-B1A7B2CF5F6D}"
EndProject
Project("{2150E333-8FDC-42A3-9474-1A3956D46DE8}") = "Razor Pages", "Razor Pages", "{F75523A6-D76A-4A95-B323-4C075BCE869C}"
EndProject
Project("{9A19103F-16F7-4668-BE54-9A1E7A4F7556}") = "RazorPages", "RazorPages\RazorPages.csproj", "{7386EE42-C05C-4EFC-AA59-8453F1AD2D3A}"
EndProject
Project("{2150E333-8FDC-42A3-9474-1A3956D46DE8}") = "_Documentation", "_Documentation", "{287FC8F5-AC75-420E-88AC-28243B948947}"
	ProjectSection(SolutionItems) = preProject
		CICD.txt = CICD.txt
	EndProjectSection
EndProject
Project("{2150E333-8FDC-42A3-9474-1A3956D46DE8}") = "Architectures", "Architectures", "{82F9FD86-DE99-4F1A-B304-D92FB1E270A0}"
	ProjectSection(SolutionItems) = preProject
		Architectures.txt = Architectures.txt
	EndProjectSection
EndProject
Project("{2150E333-8FDC-42A3-9474-1A3956D46DE8}") = "Monolith_", "Monolith_", "{F6134477-E177-40CE-943F-CC0358FC7615}"
EndProject
Project("{FAE04EC0-301F-11D3-BF4B-00C04F79EFBC}") = "Monolith", "Monolith\Monolith.csproj", "{B05C3BBE-6859-4A7E-BB48-65ED34CF468E}"
EndProject
Project("{2150E333-8FDC-42A3-9474-1A3956D46DE8}") = "N-Tier", "N-Tier", "{4B86ED4F-529A-46B4-BF1F-F901ED329708}"
EndProject
Project("{2150E333-8FDC-42A3-9474-1A3956D46DE8}") = "BusinessTier_", "BusinessTier_", "{2B8B30D8-A82B-4D2F-8688-E1B8FFDB2BA2}"
EndProject
Project("{2150E333-8FDC-42A3-9474-1A3956D46DE8}") = "PresentationTier_", "PresentationTier_", "{9770F283-432D-426C-9EF9-0DEF6B69402D}"
EndProject
Project("{FAE04EC0-301F-11D3-BF4B-00C04F79EFBC}") = "PresentationTier", "PresentationTier\PresentationTier.csproj", "{5BEA2C4A-9347-464C-8302-ADCBBB56E9CA}"
EndProject
Project("{FAE04EC0-301F-11D3-BF4B-00C04F79EFBC}") = "BusinessTier", "BusinessTier\BusinessTier.csproj", "{558C0093-AEFE-4161-81B7-B5616B556040}"
EndProject
Project("{2150E333-8FDC-42A3-9474-1A3956D46DE8}") = "Service-oriented", "Service-oriented", "{9934F7B7-39E3-409D-B366-4BB0F610B6F7}"
EndProject
Project("{2150E333-8FDC-42A3-9474-1A3956D46DE8}") = "ESB_", "ESB_", "{63C04892-C44F-48A3-9B52-93A6423B5716}"
EndProject
Project("{FAE04EC0-301F-11D3-BF4B-00C04F79EFBC}") = "ESB", "ESB\ESB.csproj", "{6CB3A65B-9B7F-47B7-9FAB-9486B06BCC1C}"
EndProject
Project("{2150E333-8FDC-42A3-9474-1A3956D46DE8}") = "EmailService_", "EmailService_", "{10ACEF5B-26FF-4E24-8309-324CECE96B8B}"
EndProject
Project("{FAE04EC0-301F-11D3-BF4B-00C04F79EFBC}") = "EmailService", "EmailService\EmailService.csproj", "{4FBE30BC-53EE-494D-9046-1281D82A5142}"
EndProject
Project("{2150E333-8FDC-42A3-9474-1A3956D46DE8}") = "BookingsService_", "BookingsService_", "{CBA1E119-9E94-49A3-91C8-14D90C39C0E8}"
EndProject
Project("{FAE04EC0-301F-11D3-BF4B-00C04F79EFBC}") = "BookingsService", "BookingsService\BookingsService.csproj", "{C812DC8E-27E6-432C-98F4-B71623BD5E8B}"
EndProject
Project("{2150E333-8FDC-42A3-9474-1A3956D46DE8}") = "ToursService_", "ToursService_", "{4400D6EC-3C02-4229-8C42-6148CC59488A}"
EndProject
Project("{FAE04EC0-301F-11D3-BF4B-00C04F79EFBC}") = "ToursService", "ToursService\ToursService.csproj", "{1993684D-EC13-4FCA-931C-D9C754AB1C25}"
EndProject
Project("{2150E333-8FDC-42A3-9474-1A3956D46DE8}") = "TravelAgentService_", "TravelAgentService_", "{2A30A7D7-605F-474A-BD70-8C22F7F8ECAC}"
EndProject
Project("{FAE04EC0-301F-11D3-BF4B-00C04F79EFBC}") = "TravelAgentService", "TravelAgentService\TravelAgentService.csproj", "{AC1EDA17-AA3A-4ED1-A48E-8B2B25658AA3}"
EndProject
Project("{2150E333-8FDC-42A3-9474-1A3956D46DE8}") = "Website_", "Website_", "{B6B67F0A-CF2B-412D-8044-04828C523755}"
EndProject
Project("{FAE04EC0-301F-11D3-BF4B-00C04F79EFBC}") = "Website", "Website\Website.csproj", "{B803D5A2-662C-43B9-8795-AE98CDF88B79}"
EndProject
Project("{2150E333-8FDC-42A3-9474-1A3956D46DE8}") = "Microservices", "Microservices", "{623D5090-F72F-4D7D-BC2E-989092985BA5}"
EndProject
Project("{2150E333-8FDC-42A3-9474-1A3956D46DE8}") = "BookingsService_", "BookingsService_", "{EA0CD361-A999-4873-BB4F-52788AEDB12A}"
EndProject
Project("{FAE04EC0-301F-11D3-BF4B-00C04F79EFBC}") = "BookingsService_2", "Projects\Architectures\BookingsService\BookingsService_2\BookingsService_2.csproj", "{7FABC683-94B7-42E0-8A01-0D0246AD0CAD}"
EndProject
Project("{2150E333-8FDC-42A3-9474-1A3956D46DE8}") = "EmailService_", "EmailService_", "{B158C4A7-45A0-434E-B18E-7E9534D42D0C}"
EndProject
Project("{FAE04EC0-301F-11D3-BF4B-00C04F79EFBC}") = "EmailService_2", "Projects\Architectures\EmailService\EmailService_2\EmailService_2.csproj", "{11C5098D-E4AD-49AD-A2C5-A8446FF56D2E}"
EndProject
Project("{2150E333-8FDC-42A3-9474-1A3956D46DE8}") = "ToursService_", "ToursService_", "{E040F4D0-9F08-4334-AEAB-F29675C265D4}"
EndProject
Project("{FAE04EC0-301F-11D3-BF4B-00C04F79EFBC}") = "ToursService_2", "Projects\Architectures\ToursService\ToursService_2\ToursService_2.csproj", "{084C4469-883D-4960-BDCC-0D38BC73F68D}"
EndProject
Project("{2150E333-8FDC-42A3-9474-1A3956D46DE8}") = "TravelAgentService_", "TravelAgentService_", "{69607F80-72BB-41A6-B3D8-AFD2249895F9}"
EndProject
Project("{FAE04EC0-301F-11D3-BF4B-00C04F79EFBC}") = "TravelAgentService_2", "Projects\Architectures\TravelAgentService\TravelAgentService_2\TravelAgentService_2.csproj", "{8AAA1A13-DD04-4593-BA93-A227837C733E}"
EndProject
Project("{2150E333-8FDC-42A3-9474-1A3956D46DE8}") = "Website_", "Website_", "{730EF027-C16C-4C54-9DEE-AE8ED0F22636}"
EndProject
Project("{FAE04EC0-301F-11D3-BF4B-00C04F79EFBC}") = "Website_2", "Projects\Architectures\Website\Website_2\Website_2.csproj", "{C4EF958B-6C86-4587-ACED-F384EAE9042F}"
EndProject
Global
	GlobalSection(SolutionConfigurationPlatforms) = preSolution
		Debug|Any CPU = Debug|Any CPU
		Release|Any CPU = Release|Any CPU
	EndGlobalSection
	GlobalSection(ProjectConfigurationPlatforms) = postSolution
		{88AB7DCE-BB79-4427-A373-8DAFBACF1A9E}.Debug|Any CPU.ActiveCfg = Debug|Any CPU
		{88AB7DCE-BB79-4427-A373-8DAFBACF1A9E}.Debug|Any CPU.Build.0 = Debug|Any CPU
		{88AB7DCE-BB79-4427-A373-8DAFBACF1A9E}.Release|Any CPU.ActiveCfg = Release|Any CPU
		{88AB7DCE-BB79-4427-A373-8DAFBACF1A9E}.Release|Any CPU.Build.0 = Release|Any CPU
		{78C8B6A8-E3EB-45E4-8C33-AE0801E14919}.Debug|Any CPU.ActiveCfg = Debug|Any CPU
		{78C8B6A8-E3EB-45E4-8C33-AE0801E14919}.Debug|Any CPU.Build.0 = Debug|Any CPU
		{78C8B6A8-E3EB-45E4-8C33-AE0801E14919}.Release|Any CPU.ActiveCfg = Release|Any CPU
		{78C8B6A8-E3EB-45E4-8C33-AE0801E14919}.Release|Any CPU.Build.0 = Release|Any CPU
		{F33F5DFC-6AE8-48C0-95FC-B84467BD195F}.Debug|Any CPU.ActiveCfg = Debug|Any CPU
		{F33F5DFC-6AE8-48C0-95FC-B84467BD195F}.Debug|Any CPU.Build.0 = Debug|Any CPU
		{F33F5DFC-6AE8-48C0-95FC-B84467BD195F}.Release|Any CPU.ActiveCfg = Release|Any CPU
		{F33F5DFC-6AE8-48C0-95FC-B84467BD195F}.Release|Any CPU.Build.0 = Release|Any CPU
		{6343F72B-4525-47CF-B661-5AE75570300F}.Debug|Any CPU.ActiveCfg = Debug|Any CPU
		{6343F72B-4525-47CF-B661-5AE75570300F}.Debug|Any CPU.Build.0 = Debug|Any CPU
		{6343F72B-4525-47CF-B661-5AE75570300F}.Release|Any CPU.ActiveCfg = Release|Any CPU
		{6343F72B-4525-47CF-B661-5AE75570300F}.Release|Any CPU.Build.0 = Release|Any CPU
		{72F1FDCD-C724-4A00-8C37-24356EA519EF}.Debug|Any CPU.ActiveCfg = Debug|Any CPU
		{72F1FDCD-C724-4A00-8C37-24356EA519EF}.Debug|Any CPU.Build.0 = Debug|Any CPU
		{72F1FDCD-C724-4A00-8C37-24356EA519EF}.Release|Any CPU.ActiveCfg = Release|Any CPU
		{72F1FDCD-C724-4A00-8C37-24356EA519EF}.Release|Any CPU.Build.0 = Release|Any CPU
		{86942840-35BE-42FB-907D-FF2DCDE047C3}.Debug|Any CPU.ActiveCfg = Debug|Any CPU
		{86942840-35BE-42FB-907D-FF2DCDE047C3}.Debug|Any CPU.Build.0 = Debug|Any CPU
		{86942840-35BE-42FB-907D-FF2DCDE047C3}.Release|Any CPU.ActiveCfg = Release|Any CPU
		{86942840-35BE-42FB-907D-FF2DCDE047C3}.Release|Any CPU.Build.0 = Release|Any CPU
		{31388B8A-6A75-4275-B3D3-0D442C6CB8C2}.Debug|Any CPU.ActiveCfg = Debug|Any CPU
		{31388B8A-6A75-4275-B3D3-0D442C6CB8C2}.Debug|Any CPU.Build.0 = Debug|Any CPU
		{31388B8A-6A75-4275-B3D3-0D442C6CB8C2}.Release|Any CPU.ActiveCfg = Release|Any CPU
		{31388B8A-6A75-4275-B3D3-0D442C6CB8C2}.Release|Any CPU.Build.0 = Release|Any CPU
		{5006A7F7-D3ED-4082-9E46-F60725208CB0}.Debug|Any CPU.ActiveCfg = Debug|Any CPU
		{5006A7F7-D3ED-4082-9E46-F60725208CB0}.Debug|Any CPU.Build.0 = Debug|Any CPU
		{5006A7F7-D3ED-4082-9E46-F60725208CB0}.Release|Any CPU.ActiveCfg = Release|Any CPU
		{5006A7F7-D3ED-4082-9E46-F60725208CB0}.Release|Any CPU.Build.0 = Release|Any CPU
		{FD076F21-3E97-441F-829E-75220CBE5C4B}.Debug|Any CPU.ActiveCfg = Debug|Any CPU
		{FD076F21-3E97-441F-829E-75220CBE5C4B}.Debug|Any CPU.Build.0 = Debug|Any CPU
		{FD076F21-3E97-441F-829E-75220CBE5C4B}.Release|Any CPU.ActiveCfg = Release|Any CPU
		{FD076F21-3E97-441F-829E-75220CBE5C4B}.Release|Any CPU.Build.0 = Release|Any CPU
		{BB4C97B7-31F7-4AE3-B8E2-93ABDFB0BA13}.Debug|Any CPU.ActiveCfg = Debug|Any CPU
		{BB4C97B7-31F7-4AE3-B8E2-93ABDFB0BA13}.Debug|Any CPU.Build.0 = Debug|Any CPU
		{BB4C97B7-31F7-4AE3-B8E2-93ABDFB0BA13}.Release|Any CPU.ActiveCfg = Release|Any CPU
		{BB4C97B7-31F7-4AE3-B8E2-93ABDFB0BA13}.Release|Any CPU.Build.0 = Release|Any CPU
		{F6C753F9-0D44-4740-9245-B848553A1650}.Debug|Any CPU.ActiveCfg = Debug|Any CPU
		{F6C753F9-0D44-4740-9245-B848553A1650}.Debug|Any CPU.Build.0 = Debug|Any CPU
		{F6C753F9-0D44-4740-9245-B848553A1650}.Release|Any CPU.ActiveCfg = Release|Any CPU
		{F6C753F9-0D44-4740-9245-B848553A1650}.Release|Any CPU.Build.0 = Release|Any CPU
		{54257F53-A393-4D7E-8D94-49F42E168FD5}.Debug|Any CPU.ActiveCfg = Debug|Any CPU
		{54257F53-A393-4D7E-8D94-49F42E168FD5}.Debug|Any CPU.Build.0 = Debug|Any CPU
		{54257F53-A393-4D7E-8D94-49F42E168FD5}.Release|Any CPU.ActiveCfg = Release|Any CPU
		{54257F53-A393-4D7E-8D94-49F42E168FD5}.Release|Any CPU.Build.0 = Release|Any CPU
		{AA86C91A-5A80-43F5-9914-D110A4D85333}.Debug|Any CPU.ActiveCfg = Debug|Any CPU
		{AA86C91A-5A80-43F5-9914-D110A4D85333}.Debug|Any CPU.Build.0 = Debug|Any CPU
		{AA86C91A-5A80-43F5-9914-D110A4D85333}.Release|Any CPU.ActiveCfg = Release|Any CPU
		{AA86C91A-5A80-43F5-9914-D110A4D85333}.Release|Any CPU.Build.0 = Release|Any CPU
		{5656989F-2A29-4F77-91F8-4B19FD903943}.Debug|Any CPU.ActiveCfg = Debug|Any CPU
		{5656989F-2A29-4F77-91F8-4B19FD903943}.Debug|Any CPU.Build.0 = Debug|Any CPU
		{5656989F-2A29-4F77-91F8-4B19FD903943}.Release|Any CPU.ActiveCfg = Release|Any CPU
		{5656989F-2A29-4F77-91F8-4B19FD903943}.Release|Any CPU.Build.0 = Release|Any CPU
		{95D61A57-08CC-403A-9910-308685A17A57}.Debug|Any CPU.ActiveCfg = Debug|Any CPU
		{95D61A57-08CC-403A-9910-308685A17A57}.Debug|Any CPU.Build.0 = Debug|Any CPU
		{95D61A57-08CC-403A-9910-308685A17A57}.Release|Any CPU.ActiveCfg = Release|Any CPU
		{95D61A57-08CC-403A-9910-308685A17A57}.Release|Any CPU.Build.0 = Release|Any CPU
		{6D8CF411-0773-4B16-9CD7-C341CB35EF14}.Debug|Any CPU.ActiveCfg = Debug|Any CPU
		{6D8CF411-0773-4B16-9CD7-C341CB35EF14}.Debug|Any CPU.Build.0 = Debug|Any CPU
		{6D8CF411-0773-4B16-9CD7-C341CB35EF14}.Release|Any CPU.ActiveCfg = Release|Any CPU
		{6D8CF411-0773-4B16-9CD7-C341CB35EF14}.Release|Any CPU.Build.0 = Release|Any CPU
		{250B600F-718D-466A-A100-B1A7B2CF5F6D}.Debug|Any CPU.ActiveCfg = Debug|Any CPU
		{250B600F-718D-466A-A100-B1A7B2CF5F6D}.Debug|Any CPU.Build.0 = Debug|Any CPU
		{250B600F-718D-466A-A100-B1A7B2CF5F6D}.Release|Any CPU.ActiveCfg = Release|Any CPU
		{250B600F-718D-466A-A100-B1A7B2CF5F6D}.Release|Any CPU.Build.0 = Release|Any CPU
		{7386EE42-C05C-4EFC-AA59-8453F1AD2D3A}.Debug|Any CPU.ActiveCfg = Debug|Any CPU
		{7386EE42-C05C-4EFC-AA59-8453F1AD2D3A}.Debug|Any CPU.Build.0 = Debug|Any CPU
		{7386EE42-C05C-4EFC-AA59-8453F1AD2D3A}.Release|Any CPU.ActiveCfg = Release|Any CPU
		{7386EE42-C05C-4EFC-AA59-8453F1AD2D3A}.Release|Any CPU.Build.0 = Release|Any CPU
		{B05C3BBE-6859-4A7E-BB48-65ED34CF468E}.Debug|Any CPU.ActiveCfg = Debug|Any CPU
		{B05C3BBE-6859-4A7E-BB48-65ED34CF468E}.Debug|Any CPU.Build.0 = Debug|Any CPU
		{B05C3BBE-6859-4A7E-BB48-65ED34CF468E}.Release|Any CPU.ActiveCfg = Release|Any CPU
		{B05C3BBE-6859-4A7E-BB48-65ED34CF468E}.Release|Any CPU.Build.0 = Release|Any CPU
		{5BEA2C4A-9347-464C-8302-ADCBBB56E9CA}.Debug|Any CPU.ActiveCfg = Debug|Any CPU
		{5BEA2C4A-9347-464C-8302-ADCBBB56E9CA}.Debug|Any CPU.Build.0 = Debug|Any CPU
		{5BEA2C4A-9347-464C-8302-ADCBBB56E9CA}.Release|Any CPU.ActiveCfg = Release|Any CPU
		{5BEA2C4A-9347-464C-8302-ADCBBB56E9CA}.Release|Any CPU.Build.0 = Release|Any CPU
		{558C0093-AEFE-4161-81B7-B5616B556040}.Debug|Any CPU.ActiveCfg = Debug|Any CPU
		{558C0093-AEFE-4161-81B7-B5616B556040}.Debug|Any CPU.Build.0 = Debug|Any CPU
		{558C0093-AEFE-4161-81B7-B5616B556040}.Release|Any CPU.ActiveCfg = Release|Any CPU
		{558C0093-AEFE-4161-81B7-B5616B556040}.Release|Any CPU.Build.0 = Release|Any CPU
		{6CB3A65B-9B7F-47B7-9FAB-9486B06BCC1C}.Debug|Any CPU.ActiveCfg = Debug|Any CPU
		{6CB3A65B-9B7F-47B7-9FAB-9486B06BCC1C}.Debug|Any CPU.Build.0 = Debug|Any CPU
		{6CB3A65B-9B7F-47B7-9FAB-9486B06BCC1C}.Release|Any CPU.ActiveCfg = Release|Any CPU
		{6CB3A65B-9B7F-47B7-9FAB-9486B06BCC1C}.Release|Any CPU.Build.0 = Release|Any CPU
		{4FBE30BC-53EE-494D-9046-1281D82A5142}.Debug|Any CPU.ActiveCfg = Debug|Any CPU
		{4FBE30BC-53EE-494D-9046-1281D82A5142}.Debug|Any CPU.Build.0 = Debug|Any CPU
		{4FBE30BC-53EE-494D-9046-1281D82A5142}.Release|Any CPU.ActiveCfg = Release|Any CPU
		{4FBE30BC-53EE-494D-9046-1281D82A5142}.Release|Any CPU.Build.0 = Release|Any CPU
		{C812DC8E-27E6-432C-98F4-B71623BD5E8B}.Debug|Any CPU.ActiveCfg = Debug|Any CPU
		{C812DC8E-27E6-432C-98F4-B71623BD5E8B}.Debug|Any CPU.Build.0 = Debug|Any CPU
		{C812DC8E-27E6-432C-98F4-B71623BD5E8B}.Release|Any CPU.ActiveCfg = Release|Any CPU
		{C812DC8E-27E6-432C-98F4-B71623BD5E8B}.Release|Any CPU.Build.0 = Release|Any CPU
		{1993684D-EC13-4FCA-931C-D9C754AB1C25}.Debug|Any CPU.ActiveCfg = Debug|Any CPU
		{1993684D-EC13-4FCA-931C-D9C754AB1C25}.Debug|Any CPU.Build.0 = Debug|Any CPU
		{1993684D-EC13-4FCA-931C-D9C754AB1C25}.Release|Any CPU.ActiveCfg = Release|Any CPU
		{1993684D-EC13-4FCA-931C-D9C754AB1C25}.Release|Any CPU.Build.0 = Release|Any CPU
		{AC1EDA17-AA3A-4ED1-A48E-8B2B25658AA3}.Debug|Any CPU.ActiveCfg = Debug|Any CPU
		{AC1EDA17-AA3A-4ED1-A48E-8B2B25658AA3}.Debug|Any CPU.Build.0 = Debug|Any CPU
		{AC1EDA17-AA3A-4ED1-A48E-8B2B25658AA3}.Release|Any CPU.ActiveCfg = Release|Any CPU
		{AC1EDA17-AA3A-4ED1-A48E-8B2B25658AA3}.Release|Any CPU.Build.0 = Release|Any CPU
		{B803D5A2-662C-43B9-8795-AE98CDF88B79}.Debug|Any CPU.ActiveCfg = Debug|Any CPU
		{B803D5A2-662C-43B9-8795-AE98CDF88B79}.Debug|Any CPU.Build.0 = Debug|Any CPU
		{B803D5A2-662C-43B9-8795-AE98CDF88B79}.Release|Any CPU.ActiveCfg = Release|Any CPU
		{B803D5A2-662C-43B9-8795-AE98CDF88B79}.Release|Any CPU.Build.0 = Release|Any CPU
		{7FABC683-94B7-42E0-8A01-0D0246AD0CAD}.Debug|Any CPU.ActiveCfg = Debug|Any CPU
		{7FABC683-94B7-42E0-8A01-0D0246AD0CAD}.Debug|Any CPU.Build.0 = Debug|Any CPU
		{7FABC683-94B7-42E0-8A01-0D0246AD0CAD}.Release|Any CPU.ActiveCfg = Release|Any CPU
		{7FABC683-94B7-42E0-8A01-0D0246AD0CAD}.Release|Any CPU.Build.0 = Release|Any CPU
		{11C5098D-E4AD-49AD-A2C5-A8446FF56D2E}.Debug|Any CPU.ActiveCfg = Debug|Any CPU
		{11C5098D-E4AD-49AD-A2C5-A8446FF56D2E}.Debug|Any CPU.Build.0 = Debug|Any CPU
		{11C5098D-E4AD-49AD-A2C5-A8446FF56D2E}.Release|Any CPU.ActiveCfg = Release|Any CPU
		{11C5098D-E4AD-49AD-A2C5-A8446FF56D2E}.Release|Any CPU.Build.0 = Release|Any CPU
		{084C4469-883D-4960-BDCC-0D38BC73F68D}.Debug|Any CPU.ActiveCfg = Debug|Any CPU
		{084C4469-883D-4960-BDCC-0D38BC73F68D}.Debug|Any CPU.Build.0 = Debug|Any CPU
		{084C4469-883D-4960-BDCC-0D38BC73F68D}.Release|Any CPU.ActiveCfg = Release|Any CPU
		{084C4469-883D-4960-BDCC-0D38BC73F68D}.Release|Any CPU.Build.0 = Release|Any CPU
		{8AAA1A13-DD04-4593-BA93-A227837C733E}.Debug|Any CPU.ActiveCfg = Debug|Any CPU
		{8AAA1A13-DD04-4593-BA93-A227837C733E}.Debug|Any CPU.Build.0 = Debug|Any CPU
		{8AAA1A13-DD04-4593-BA93-A227837C733E}.Release|Any CPU.ActiveCfg = Release|Any CPU
		{8AAA1A13-DD04-4593-BA93-A227837C733E}.Release|Any CPU.Build.0 = Release|Any CPU
		{C4EF958B-6C86-4587-ACED-F384EAE9042F}.Debug|Any CPU.ActiveCfg = Debug|Any CPU
		{C4EF958B-6C86-4587-ACED-F384EAE9042F}.Debug|Any CPU.Build.0 = Debug|Any CPU
		{C4EF958B-6C86-4587-ACED-F384EAE9042F}.Release|Any CPU.ActiveCfg = Release|Any CPU
		{C4EF958B-6C86-4587-ACED-F384EAE9042F}.Release|Any CPU.Build.0 = Release|Any CPU
	EndGlobalSection
	GlobalSection(SolutionProperties) = preSolution
		HideSolutionNode = FALSE
	EndGlobalSection
	GlobalSection(NestedProjects) = preSolution
		{86942840-35BE-42FB-907D-FF2DCDE047C3} = {556798F8-875D-4E5C-9918-720F4CCF648D}
		{31388B8A-6A75-4275-B3D3-0D442C6CB8C2} = {556798F8-875D-4E5C-9918-720F4CCF648D}
		{5006A7F7-D3ED-4082-9E46-F60725208CB0} = {556798F8-875D-4E5C-9918-720F4CCF648D}
		{FD076F21-3E97-441F-829E-75220CBE5C4B} = {556798F8-875D-4E5C-9918-720F4CCF648D}
		{FD95EBE2-9C18-4E16-B98F-9025DAB9D703} = {556798F8-875D-4E5C-9918-720F4CCF648D}
		{BB4C97B7-31F7-4AE3-B8E2-93ABDFB0BA13} = {FD95EBE2-9C18-4E16-B98F-9025DAB9D703}
		{54257F53-A393-4D7E-8D94-49F42E168FD5} = {67F0D685-530E-4079-8ACF-A7DABF556691}
		{AA86C91A-5A80-43F5-9914-D110A4D85333} = {A5CAF8A6-D77A-4984-A721-6F3A5DFE5BC0}
		{5656989F-2A29-4F77-91F8-4B19FD903943} = {A5CAF8A6-D77A-4984-A721-6F3A5DFE5BC0}
		{95D61A57-08CC-403A-9910-308685A17A57} = {A5CAF8A6-D77A-4984-A721-6F3A5DFE5BC0}
		{6D8CF411-0773-4B16-9CD7-C341CB35EF14} = {9CA2EEF3-A7A7-4557-9D95-48BDCDBC5987}
		{7386EE42-C05C-4EFC-AA59-8453F1AD2D3A} = {F75523A6-D76A-4A95-B323-4C075BCE869C}
		{F6134477-E177-40CE-943F-CC0358FC7615} = {82F9FD86-DE99-4F1A-B304-D92FB1E270A0}
		{B05C3BBE-6859-4A7E-BB48-65ED34CF468E} = {F6134477-E177-40CE-943F-CC0358FC7615}
		{4B86ED4F-529A-46B4-BF1F-F901ED329708} = {82F9FD86-DE99-4F1A-B304-D92FB1E270A0}
		{2B8B30D8-A82B-4D2F-8688-E1B8FFDB2BA2} = {4B86ED4F-529A-46B4-BF1F-F901ED329708}
		{9770F283-432D-426C-9EF9-0DEF6B69402D} = {4B86ED4F-529A-46B4-BF1F-F901ED329708}
		{5BEA2C4A-9347-464C-8302-ADCBBB56E9CA} = {9770F283-432D-426C-9EF9-0DEF6B69402D}
		{558C0093-AEFE-4161-81B7-B5616B556040} = {2B8B30D8-A82B-4D2F-8688-E1B8FFDB2BA2}
		{9934F7B7-39E3-409D-B366-4BB0F610B6F7} = {82F9FD86-DE99-4F1A-B304-D92FB1E270A0}
		{63C04892-C44F-48A3-9B52-93A6423B5716} = {9934F7B7-39E3-409D-B366-4BB0F610B6F7}
		{6CB3A65B-9B7F-47B7-9FAB-9486B06BCC1C} = {63C04892-C44F-48A3-9B52-93A6423B5716}
		{10ACEF5B-26FF-4E24-8309-324CECE96B8B} = {9934F7B7-39E3-409D-B366-4BB0F610B6F7}
		{4FBE30BC-53EE-494D-9046-1281D82A5142} = {10ACEF5B-26FF-4E24-8309-324CECE96B8B}
		{CBA1E119-9E94-49A3-91C8-14D90C39C0E8} = {9934F7B7-39E3-409D-B366-4BB0F610B6F7}
		{C812DC8E-27E6-432C-98F4-B71623BD5E8B} = {CBA1E119-9E94-49A3-91C8-14D90C39C0E8}
		{4400D6EC-3C02-4229-8C42-6148CC59488A} = {9934F7B7-39E3-409D-B366-4BB0F610B6F7}
		{1993684D-EC13-4FCA-931C-D9C754AB1C25} = {4400D6EC-3C02-4229-8C42-6148CC59488A}
		{2A30A7D7-605F-474A-BD70-8C22F7F8ECAC} = {9934F7B7-39E3-409D-B366-4BB0F610B6F7}
		{AC1EDA17-AA3A-4ED1-A48E-8B2B25658AA3} = {2A30A7D7-605F-474A-BD70-8C22F7F8ECAC}
		{B6B67F0A-CF2B-412D-8044-04828C523755} = {9934F7B7-39E3-409D-B366-4BB0F610B6F7}
		{B803D5A2-662C-43B9-8795-AE98CDF88B79} = {B6B67F0A-CF2B-412D-8044-04828C523755}
		{623D5090-F72F-4D7D-BC2E-989092985BA5} = {82F9FD86-DE99-4F1A-B304-D92FB1E270A0}
		{EA0CD361-A999-4873-BB4F-52788AEDB12A} = {623D5090-F72F-4D7D-BC2E-989092985BA5}
		{7FABC683-94B7-42E0-8A01-0D0246AD0CAD} = {EA0CD361-A999-4873-BB4F-52788AEDB12A}
		{B158C4A7-45A0-434E-B18E-7E9534D42D0C} = {623D5090-F72F-4D7D-BC2E-989092985BA5}
		{11C5098D-E4AD-49AD-A2C5-A8446FF56D2E} = {B158C4A7-45A0-434E-B18E-7E9534D42D0C}
		{E040F4D0-9F08-4334-AEAB-F29675C265D4} = {623D5090-F72F-4D7D-BC2E-989092985BA5}
		{084C4469-883D-4960-BDCC-0D38BC73F68D} = {E040F4D0-9F08-4334-AEAB-F29675C265D4}
		{69607F80-72BB-41A6-B3D8-AFD2249895F9} = {623D5090-F72F-4D7D-BC2E-989092985BA5}
		{8AAA1A13-DD04-4593-BA93-A227837C733E} = {69607F80-72BB-41A6-B3D8-AFD2249895F9}
		{730EF027-C16C-4C54-9DEE-AE8ED0F22636} = {623D5090-F72F-4D7D-BC2E-989092985BA5}
		{C4EF958B-6C86-4587-ACED-F384EAE9042F} = {730EF027-C16C-4C54-9DEE-AE8ED0F22636}
	EndGlobalSection
	GlobalSection(ExtensibilityGlobals) = postSolution
		SolutionGuid = {5AE5567B-132F-41EB-9B19-4C88A4042D29}
	EndGlobalSection
EndGlobal
